// !$*UTF8*$!
{
	archiveVersion = 1;
	classes = {
	};
	objectVersion = 56;
	objects = {

/* Begin PBXBuildFile section */
		C105673B2BB9990700D00F59 /* AppDelegate.swift in Sources */ = {isa = PBXBuildFile; fileRef = C105673A2BB9990700D00F59 /* AppDelegate.swift */; };
		C105673E2BB99CC500D00F59 /* APIClient.swift in Sources */ = {isa = PBXBuildFile; fileRef = C105673D2BB99CC500D00F59 /* APIClient.swift */; };
		C10567402BB99D7700D00F59 /* APIRequest.swift in Sources */ = {isa = PBXBuildFile; fileRef = C105673F2BB99D7700D00F59 /* APIRequest.swift */; };
		C10567432BB99E8D00D00F59 /* APIEntities.swift in Sources */ = {isa = PBXBuildFile; fileRef = C10567422BB99E8D00D00F59 /* APIEntities.swift */; };
		C10567452BB9A2F100D00F59 /* APIRequestParametersFactory.swift in Sources */ = {isa = PBXBuildFile; fileRef = C10567442BB9A2F100D00F59 /* APIRequestParametersFactory.swift */; };
		C105674C2BB9B09200D00F59 /* APIEndpoints.swift in Sources */ = {isa = PBXBuildFile; fileRef = C105674B2BB9B09200D00F59 /* APIEndpoints.swift */; };
		C10567522BB9B4FE00D00F59 /* ComicListResult.swift in Sources */ = {isa = PBXBuildFile; fileRef = C10567512BB9B4FE00D00F59 /* ComicListResult.swift */; };
		C10567572BB9B59B00D00F59 /* ThumbnailResult.swift in Sources */ = {isa = PBXBuildFile; fileRef = C10567562BB9B59B00D00F59 /* ThumbnailResult.swift */; };
		C10567592BB9B5E400D00F59 /* PriceResult.swift in Sources */ = {isa = PBXBuildFile; fileRef = C10567582BB9B5E400D00F59 /* PriceResult.swift */; };
		C105675B2BB9B65800D00F59 /* DateResult.swift in Sources */ = {isa = PBXBuildFile; fileRef = C105675A2BB9B65800D00F59 /* DateResult.swift */; };
		C105675D2BB9B6AC00D00F59 /* DataResult.swift in Sources */ = {isa = PBXBuildFile; fileRef = C105675C2BB9B6AC00D00F59 /* DataResult.swift */; };
		C105675F2BB9B71D00D00F59 /* ComicResult.swift in Sources */ = {isa = PBXBuildFile; fileRef = C105675E2BB9B71D00D00F59 /* ComicResult.swift */; };
		C10567612BB9B85400D00F59 /* ComicListRequest.swift in Sources */ = {isa = PBXBuildFile; fileRef = C10567602BB9B85400D00F59 /* ComicListRequest.swift */; };
		C10567632BB9BCE900D00F59 /* ComicRepositoryProtocol.swift in Sources */ = {isa = PBXBuildFile; fileRef = C10567622BB9BCE900D00F59 /* ComicRepositoryProtocol.swift */; };
		C10567652BB9BE0200D00F59 /* ComicRepository.swift in Sources */ = {isa = PBXBuildFile; fileRef = C10567642BB9BE0200D00F59 /* ComicRepository.swift */; };
		C10567672BB9C0BD00D00F59 /* RepositoryProtocol.swift in Sources */ = {isa = PBXBuildFile; fileRef = C10567662BB9C0BD00D00F59 /* RepositoryProtocol.swift */; };
		C10C22BF2BC010140010D6AA /* Pagination.swift in Sources */ = {isa = PBXBuildFile; fileRef = C10C22BE2BC010140010D6AA /* Pagination.swift */; };
		C10C22C32BC0180F0010D6AA /* CharacterPaginationModel.swift in Sources */ = {isa = PBXBuildFile; fileRef = C10C22C22BC0180F0010D6AA /* CharacterPaginationModel.swift */; };
		C10D20232BBAE9F700839FFE /* ComicCollectionCell.swift in Sources */ = {isa = PBXBuildFile; fileRef = C10D20222BBAE9F700839FFE /* ComicCollectionCell.swift */; };
		C10D20262BBAED7A00839FFE /* Kingfisher in Frameworks */ = {isa = PBXBuildFile; productRef = C10D20252BBAED7A00839FFE /* Kingfisher */; };
		C10D202A2BBAF1F300839FFE /* loading.gif in Resources */ = {isa = PBXBuildFile; fileRef = C10D20292BBAF1F300839FFE /* loading.gif */; };
		C10D202D2BBAF27D00839FFE /* ComicModel.swift in Sources */ = {isa = PBXBuildFile; fileRef = C10D202C2BBAF27D00839FFE /* ComicModel.swift */; };
		C10D202F2BBAF4CA00839FFE /* Date+Extensions.swift in Sources */ = {isa = PBXBuildFile; fileRef = C10D202E2BBAF4CA00839FFE /* Date+Extensions.swift */; };
		C10F73B82BB17D0F00F6DD74 /* CoordinatorEntities.swift in Sources */ = {isa = PBXBuildFile; fileRef = C10F73B72BB17D0F00F6DD74 /* CoordinatorEntities.swift */; };
		C10F73BA2BB17D1C00F6DD74 /* BaseCoordinator.swift in Sources */ = {isa = PBXBuildFile; fileRef = C10F73B92BB17D1C00F6DD74 /* BaseCoordinator.swift */; };
		C10F73BD2BB17FAE00F6DD74 /* SplashCoordinator.swift in Sources */ = {isa = PBXBuildFile; fileRef = C10F73BC2BB17FAE00F6DD74 /* SplashCoordinator.swift */; };
		C10F73BF2BB1815900F6DD74 /* ViewModelProtocol.swift in Sources */ = {isa = PBXBuildFile; fileRef = C10F73BE2BB1815900F6DD74 /* ViewModelProtocol.swift */; };
		C10F73C42BB1821500F6DD74 /* SplashViewModelProtocol.swift in Sources */ = {isa = PBXBuildFile; fileRef = C10F73C32BB1821500F6DD74 /* SplashViewModelProtocol.swift */; };
		C10F73C72BB188A300F6DD74 /* HomeCoordinator.swift in Sources */ = {isa = PBXBuildFile; fileRef = C10F73C62BB188A300F6DD74 /* HomeCoordinator.swift */; };
		C10F73CF2BB1B5EA00F6DD74 /* ComicListEntities.swift in Sources */ = {isa = PBXBuildFile; fileRef = C10F73CE2BB1B5EA00F6DD74 /* ComicListEntities.swift */; };
		C10F73D12BB1B61000F6DD74 /* ComicListViewController.swift in Sources */ = {isa = PBXBuildFile; fileRef = C10F73D02BB1B61000F6DD74 /* ComicListViewController.swift */; };
		C10F73D32BB1B61B00F6DD74 /* ComicListViewModel.swift in Sources */ = {isa = PBXBuildFile; fileRef = C10F73D22BB1B61B00F6DD74 /* ComicListViewModel.swift */; };
		C10F73D52BB1B62700F6DD74 /* ComicListView.swift in Sources */ = {isa = PBXBuildFile; fileRef = C10F73D42BB1B62700F6DD74 /* ComicListView.swift */; };
		C10F73D72BB1B67000F6DD74 /* ComicListViewModelProtocol.swift in Sources */ = {isa = PBXBuildFile; fileRef = C10F73D62BB1B67000F6DD74 /* ComicListViewModelProtocol.swift */; };
		C10F73D92BB1B6D800F6DD74 /* ComicListViewFactory.swift in Sources */ = {isa = PBXBuildFile; fileRef = C10F73D82BB1B6D800F6DD74 /* ComicListViewFactory.swift */; };
		C10F73E12BB1B81500F6DD74 /* CharacterListViewModel.swift in Sources */ = {isa = PBXBuildFile; fileRef = C10F73E02BB1B81500F6DD74 /* CharacterListViewModel.swift */; };
		C10F73E32BB1B81D00F6DD74 /* CharacterListViewModelProtocol.swift in Sources */ = {isa = PBXBuildFile; fileRef = C10F73E22BB1B81D00F6DD74 /* CharacterListViewModelProtocol.swift */; };
		C10F73E52BB1B82A00F6DD74 /* CharacterListView.swift in Sources */ = {isa = PBXBuildFile; fileRef = C10F73E42BB1B82A00F6DD74 /* CharacterListView.swift */; };
		C10F73E72BB1B83100F6DD74 /* CharacterListViewController.swift in Sources */ = {isa = PBXBuildFile; fileRef = C10F73E62BB1B83100F6DD74 /* CharacterListViewController.swift */; };
		C10F73E92BB1B83B00F6DD74 /* CharacterListViewFactory.swift in Sources */ = {isa = PBXBuildFile; fileRef = C10F73E82BB1B83B00F6DD74 /* CharacterListViewFactory.swift */; };
		C10F73EB2BB1B85000F6DD74 /* CharacterListEntities.swift in Sources */ = {isa = PBXBuildFile; fileRef = C10F73EA2BB1B85000F6DD74 /* CharacterListEntities.swift */; };
		C12978B12BB05C4B00A72CDE /* ViewFactory.swift in Sources */ = {isa = PBXBuildFile; fileRef = C12978A12BB05C4B00A72CDE /* ViewFactory.swift */; };
		C12978B32BB05C4B00A72CDE /* SplashViewModel.swift in Sources */ = {isa = PBXBuildFile; fileRef = C12978A72BB05C4B00A72CDE /* SplashViewModel.swift */; };
		C12978B42BB05C4B00A72CDE /* SpashViewController.swift in Sources */ = {isa = PBXBuildFile; fileRef = C12978A92BB05C4B00A72CDE /* SpashViewController.swift */; };
		C12978B52BB05C4B00A72CDE /* SplashView.swift in Sources */ = {isa = PBXBuildFile; fileRef = C12978AA2BB05C4B00A72CDE /* SplashView.swift */; };
		C12978B62BB05C4B00A72CDE /* SplashViewFactory.swift in Sources */ = {isa = PBXBuildFile; fileRef = C12978AB2BB05C4B00A72CDE /* SplashViewFactory.swift */; };
		C12978B72BB05C4B00A72CDE /* SplashEntities.swift in Sources */ = {isa = PBXBuildFile; fileRef = C12978AD2BB05C4B00A72CDE /* SplashEntities.swift */; };
		C13719BE2BC2EF35003E3206 /* CharacterDetailEntities.swift in Sources */ = {isa = PBXBuildFile; fileRef = C13719BD2BC2EF35003E3206 /* CharacterDetailEntities.swift */; };
		C13719C22BC2EF6A003E3206 /* CharacterDetailView.swift in Sources */ = {isa = PBXBuildFile; fileRef = C13719C12BC2EF6A003E3206 /* CharacterDetailView.swift */; };
		C13719C42BC2EF71003E3206 /* CharacterDetailViewController.swift in Sources */ = {isa = PBXBuildFile; fileRef = C13719C32BC2EF71003E3206 /* CharacterDetailViewController.swift */; };
		C13719C62BC2EF7B003E3206 /* CharacterDetailFactory.swift in Sources */ = {isa = PBXBuildFile; fileRef = C13719C52BC2EF7B003E3206 /* CharacterDetailFactory.swift */; };
		C13719C92BC2EF91003E3206 /* CharacterDetailViewModelProtocol.swift in Sources */ = {isa = PBXBuildFile; fileRef = C13719C82BC2EF91003E3206 /* CharacterDetailViewModelProtocol.swift */; };
		C13719CB2BC2EF98003E3206 /* CharacterDetailViewModel.swift in Sources */ = {isa = PBXBuildFile; fileRef = C13719CA2BC2EF98003E3206 /* CharacterDetailViewModel.swift */; };
		C13719CE2BC2F0A5003E3206 /* CharacterDetailCoordinator.swift in Sources */ = {isa = PBXBuildFile; fileRef = C13719CD2BC2F0A5003E3206 /* CharacterDetailCoordinator.swift */; };
		C18198D72BBD9708000FC790 /* CharacterCell.swift in Sources */ = {isa = PBXBuildFile; fileRef = C18198D62BBD9708000FC790 /* CharacterCell.swift */; };
		C19F0F932BB099C10065FAE2 /* HomeEntities.swift in Sources */ = {isa = PBXBuildFile; fileRef = C19F0F922BB099C10065FAE2 /* HomeEntities.swift */; };
		C19F0FA22BB09D5B0065FAE2 /* UIViewController+Extensions.swift in Sources */ = {isa = PBXBuildFile; fileRef = C19F0FA12BB09D5B0065FAE2 /* UIViewController+Extensions.swift */; };
		C19F0FA42BB0ACC10065FAE2 /* UIColor+Palette.swift in Sources */ = {isa = PBXBuildFile; fileRef = C19F0FA32BB0ACC10065FAE2 /* UIColor+Palette.swift */; };
		C1D1A1092BBEB3390016FD34 /* AlertView.swift in Sources */ = {isa = PBXBuildFile; fileRef = C1D1A1082BBEB3390016FD34 /* AlertView.swift */; };
		C1D1A10D2BBEC1310016FD34 /* AlertEntities.swift in Sources */ = {isa = PBXBuildFile; fileRef = C1D1A10C2BBEC1310016FD34 /* AlertEntities.swift */; };
		C1D1A10F2BBECCB10016FD34 /* Color+Palette.swift in Sources */ = {isa = PBXBuildFile; fileRef = C1D1A10E2BBECCB10016FD34 /* Color+Palette.swift */; };
		C1D1A1112BBECEAD0016FD34 /* UIViewController+Alert.swift in Sources */ = {isa = PBXBuildFile; fileRef = C1D1A1102BBECEAD0016FD34 /* UIViewController+Alert.swift */; };
		C1D1A1152BBF0DDA0016FD34 /* CharacterResult.swift in Sources */ = {isa = PBXBuildFile; fileRef = C1D1A1142BBF0DDA0016FD34 /* CharacterResult.swift */; };
		C1D1A1172BBF0F3E0016FD34 /* CharacterListResult.swift in Sources */ = {isa = PBXBuildFile; fileRef = C1D1A1162BBF0F3E0016FD34 /* CharacterListResult.swift */; };
		C1D1A11A2BBF0F880016FD34 /* CharacterListRequest.swift in Sources */ = {isa = PBXBuildFile; fileRef = C1D1A1192BBF0F880016FD34 /* CharacterListRequest.swift */; };
		C1D1A11C2BBF0FC40016FD34 /* CharacterRepositoryProtocol.swift in Sources */ = {isa = PBXBuildFile; fileRef = C1D1A11B2BBF0FC40016FD34 /* CharacterRepositoryProtocol.swift */; };
		C1D1A11E2BBF0FE30016FD34 /* CharacterRepository.swift in Sources */ = {isa = PBXBuildFile; fileRef = C1D1A11D2BBF0FE30016FD34 /* CharacterRepository.swift */; };
		C1D1A1212BBF110F0016FD34 /* CharacterModel.swift in Sources */ = {isa = PBXBuildFile; fileRef = C1D1A1202BBF110F0016FD34 /* CharacterModel.swift */; };
		C1E7FC5B2BBC2F180092C75C /* UIViewController+Loading.swift in Sources */ = {isa = PBXBuildFile; fileRef = C1E7FC5A2BBC2F180092C75C /* UIViewController+Loading.swift */; };
		C1E7FC5E2BBC30190092C75C /* LoadingView.swift in Sources */ = {isa = PBXBuildFile; fileRef = C1E7FC5D2BBC30190092C75C /* LoadingView.swift */; };
		C1FDCD362BB01501000A5635 /* Assets.xcassets in Resources */ = {isa = PBXBuildFile; fileRef = C1FDCD352BB01501000A5635 /* Assets.xcassets */; };
		C1FDCD442BB01501000A5635 /* MarvelComicsTests.swift in Sources */ = {isa = PBXBuildFile; fileRef = C1FDCD432BB01501000A5635 /* MarvelComicsTests.swift */; };
		C1FDCD4E2BB01501000A5635 /* MarvelComicsUITests.swift in Sources */ = {isa = PBXBuildFile; fileRef = C1FDCD4D2BB01501000A5635 /* MarvelComicsUITests.swift */; };
		C1FDCD502BB01501000A5635 /* MarvelComicsUITestsLaunchTests.swift in Sources */ = {isa = PBXBuildFile; fileRef = C1FDCD4F2BB01501000A5635 /* MarvelComicsUITestsLaunchTests.swift */; };
/* End PBXBuildFile section */

/* Begin PBXContainerItemProxy section */
		C1FDCD402BB01501000A5635 /* PBXContainerItemProxy */ = {
			isa = PBXContainerItemProxy;
			containerPortal = C1FDCD212BB014FF000A5635 /* Project object */;
			proxyType = 1;
			remoteGlobalIDString = C1FDCD282BB01500000A5635;
			remoteInfo = MarvelComics;
		};
		C1FDCD4A2BB01501000A5635 /* PBXContainerItemProxy */ = {
			isa = PBXContainerItemProxy;
			containerPortal = C1FDCD212BB014FF000A5635 /* Project object */;
			proxyType = 1;
			remoteGlobalIDString = C1FDCD282BB01500000A5635;
			remoteInfo = MarvelComics;
		};
/* End PBXContainerItemProxy section */

/* Begin PBXFileReference section */
		C105673A2BB9990700D00F59 /* AppDelegate.swift */ = {isa = PBXFileReference; fileEncoding = 4; lastKnownFileType = sourcecode.swift; name = AppDelegate.swift; path = MarvelComics/Sources/AppDelegate.swift; sourceTree = SOURCE_ROOT; };
		C105673D2BB99CC500D00F59 /* APIClient.swift */ = {isa = PBXFileReference; lastKnownFileType = sourcecode.swift; path = APIClient.swift; sourceTree = "<group>"; };
		C105673F2BB99D7700D00F59 /* APIRequest.swift */ = {isa = PBXFileReference; lastKnownFileType = sourcecode.swift; path = APIRequest.swift; sourceTree = "<group>"; };
		C10567422BB99E8D00D00F59 /* APIEntities.swift */ = {isa = PBXFileReference; lastKnownFileType = sourcecode.swift; path = APIEntities.swift; sourceTree = "<group>"; };
		C10567442BB9A2F100D00F59 /* APIRequestParametersFactory.swift */ = {isa = PBXFileReference; lastKnownFileType = sourcecode.swift; path = APIRequestParametersFactory.swift; sourceTree = "<group>"; };
		C105674B2BB9B09200D00F59 /* APIEndpoints.swift */ = {isa = PBXFileReference; lastKnownFileType = sourcecode.swift; path = APIEndpoints.swift; sourceTree = "<group>"; };
		C10567512BB9B4FE00D00F59 /* ComicListResult.swift */ = {isa = PBXFileReference; lastKnownFileType = sourcecode.swift; path = ComicListResult.swift; sourceTree = "<group>"; };
		C10567562BB9B59B00D00F59 /* ThumbnailResult.swift */ = {isa = PBXFileReference; lastKnownFileType = sourcecode.swift; path = ThumbnailResult.swift; sourceTree = "<group>"; };
		C10567582BB9B5E400D00F59 /* PriceResult.swift */ = {isa = PBXFileReference; lastKnownFileType = sourcecode.swift; path = PriceResult.swift; sourceTree = "<group>"; };
		C105675A2BB9B65800D00F59 /* DateResult.swift */ = {isa = PBXFileReference; lastKnownFileType = sourcecode.swift; path = DateResult.swift; sourceTree = "<group>"; };
		C105675C2BB9B6AC00D00F59 /* DataResult.swift */ = {isa = PBXFileReference; lastKnownFileType = sourcecode.swift; path = DataResult.swift; sourceTree = "<group>"; };
		C105675E2BB9B71D00D00F59 /* ComicResult.swift */ = {isa = PBXFileReference; lastKnownFileType = sourcecode.swift; path = ComicResult.swift; sourceTree = "<group>"; };
		C10567602BB9B85400D00F59 /* ComicListRequest.swift */ = {isa = PBXFileReference; lastKnownFileType = sourcecode.swift; path = ComicListRequest.swift; sourceTree = "<group>"; };
		C10567622BB9BCE900D00F59 /* ComicRepositoryProtocol.swift */ = {isa = PBXFileReference; lastKnownFileType = sourcecode.swift; path = ComicRepositoryProtocol.swift; sourceTree = "<group>"; };
		C10567642BB9BE0200D00F59 /* ComicRepository.swift */ = {isa = PBXFileReference; lastKnownFileType = sourcecode.swift; path = ComicRepository.swift; sourceTree = "<group>"; };
		C10567662BB9C0BD00D00F59 /* RepositoryProtocol.swift */ = {isa = PBXFileReference; lastKnownFileType = sourcecode.swift; path = RepositoryProtocol.swift; sourceTree = "<group>"; };
		C10C22BE2BC010140010D6AA /* Pagination.swift */ = {isa = PBXFileReference; lastKnownFileType = sourcecode.swift; path = Pagination.swift; sourceTree = "<group>"; };
		C10C22C22BC0180F0010D6AA /* CharacterPaginationModel.swift */ = {isa = PBXFileReference; lastKnownFileType = sourcecode.swift; path = CharacterPaginationModel.swift; sourceTree = "<group>"; };
		C10D20222BBAE9F700839FFE /* ComicCollectionCell.swift */ = {isa = PBXFileReference; lastKnownFileType = sourcecode.swift; path = ComicCollectionCell.swift; sourceTree = "<group>"; };
		C10D20292BBAF1F300839FFE /* loading.gif */ = {isa = PBXFileReference; lastKnownFileType = image.gif; path = loading.gif; sourceTree = "<group>"; };
		C10D202C2BBAF27D00839FFE /* ComicModel.swift */ = {isa = PBXFileReference; lastKnownFileType = sourcecode.swift; path = ComicModel.swift; sourceTree = "<group>"; };
		C10D202E2BBAF4CA00839FFE /* Date+Extensions.swift */ = {isa = PBXFileReference; lastKnownFileType = sourcecode.swift; path = "Date+Extensions.swift"; sourceTree = "<group>"; };
		C10F73B72BB17D0F00F6DD74 /* CoordinatorEntities.swift */ = {isa = PBXFileReference; lastKnownFileType = sourcecode.swift; path = CoordinatorEntities.swift; sourceTree = "<group>"; };
		C10F73B92BB17D1C00F6DD74 /* BaseCoordinator.swift */ = {isa = PBXFileReference; lastKnownFileType = sourcecode.swift; path = BaseCoordinator.swift; sourceTree = "<group>"; };
		C10F73BC2BB17FAE00F6DD74 /* SplashCoordinator.swift */ = {isa = PBXFileReference; lastKnownFileType = sourcecode.swift; path = SplashCoordinator.swift; sourceTree = "<group>"; };
		C10F73BE2BB1815900F6DD74 /* ViewModelProtocol.swift */ = {isa = PBXFileReference; lastKnownFileType = sourcecode.swift; path = ViewModelProtocol.swift; sourceTree = "<group>"; };
		C10F73C32BB1821500F6DD74 /* SplashViewModelProtocol.swift */ = {isa = PBXFileReference; lastKnownFileType = sourcecode.swift; path = SplashViewModelProtocol.swift; sourceTree = "<group>"; };
		C10F73C62BB188A300F6DD74 /* HomeCoordinator.swift */ = {isa = PBXFileReference; lastKnownFileType = sourcecode.swift; path = HomeCoordinator.swift; sourceTree = "<group>"; };
		C10F73CE2BB1B5EA00F6DD74 /* ComicListEntities.swift */ = {isa = PBXFileReference; lastKnownFileType = sourcecode.swift; path = ComicListEntities.swift; sourceTree = "<group>"; };
		C10F73D02BB1B61000F6DD74 /* ComicListViewController.swift */ = {isa = PBXFileReference; lastKnownFileType = sourcecode.swift; path = ComicListViewController.swift; sourceTree = "<group>"; };
		C10F73D22BB1B61B00F6DD74 /* ComicListViewModel.swift */ = {isa = PBXFileReference; lastKnownFileType = sourcecode.swift; path = ComicListViewModel.swift; sourceTree = "<group>"; };
		C10F73D42BB1B62700F6DD74 /* ComicListView.swift */ = {isa = PBXFileReference; lastKnownFileType = sourcecode.swift; path = ComicListView.swift; sourceTree = "<group>"; };
		C10F73D62BB1B67000F6DD74 /* ComicListViewModelProtocol.swift */ = {isa = PBXFileReference; lastKnownFileType = sourcecode.swift; path = ComicListViewModelProtocol.swift; sourceTree = "<group>"; };
		C10F73D82BB1B6D800F6DD74 /* ComicListViewFactory.swift */ = {isa = PBXFileReference; lastKnownFileType = sourcecode.swift; path = ComicListViewFactory.swift; sourceTree = "<group>"; };
		C10F73E02BB1B81500F6DD74 /* CharacterListViewModel.swift */ = {isa = PBXFileReference; lastKnownFileType = sourcecode.swift; path = CharacterListViewModel.swift; sourceTree = "<group>"; };
		C10F73E22BB1B81D00F6DD74 /* CharacterListViewModelProtocol.swift */ = {isa = PBXFileReference; lastKnownFileType = sourcecode.swift; path = CharacterListViewModelProtocol.swift; sourceTree = "<group>"; };
		C10F73E42BB1B82A00F6DD74 /* CharacterListView.swift */ = {isa = PBXFileReference; lastKnownFileType = sourcecode.swift; path = CharacterListView.swift; sourceTree = "<group>"; };
		C10F73E62BB1B83100F6DD74 /* CharacterListViewController.swift */ = {isa = PBXFileReference; lastKnownFileType = sourcecode.swift; path = CharacterListViewController.swift; sourceTree = "<group>"; };
		C10F73E82BB1B83B00F6DD74 /* CharacterListViewFactory.swift */ = {isa = PBXFileReference; lastKnownFileType = sourcecode.swift; path = CharacterListViewFactory.swift; sourceTree = "<group>"; };
		C10F73EA2BB1B85000F6DD74 /* CharacterListEntities.swift */ = {isa = PBXFileReference; lastKnownFileType = sourcecode.swift; path = CharacterListEntities.swift; sourceTree = "<group>"; };
		C12978A12BB05C4B00A72CDE /* ViewFactory.swift */ = {isa = PBXFileReference; fileEncoding = 4; lastKnownFileType = sourcecode.swift; path = ViewFactory.swift; sourceTree = "<group>"; };
		C12978A72BB05C4B00A72CDE /* SplashViewModel.swift */ = {isa = PBXFileReference; fileEncoding = 4; lastKnownFileType = sourcecode.swift; path = SplashViewModel.swift; sourceTree = "<group>"; };
		C12978A92BB05C4B00A72CDE /* SpashViewController.swift */ = {isa = PBXFileReference; fileEncoding = 4; lastKnownFileType = sourcecode.swift; path = SpashViewController.swift; sourceTree = "<group>"; };
		C12978AA2BB05C4B00A72CDE /* SplashView.swift */ = {isa = PBXFileReference; fileEncoding = 4; lastKnownFileType = sourcecode.swift; path = SplashView.swift; sourceTree = "<group>"; };
		C12978AB2BB05C4B00A72CDE /* SplashViewFactory.swift */ = {isa = PBXFileReference; fileEncoding = 4; lastKnownFileType = sourcecode.swift; path = SplashViewFactory.swift; sourceTree = "<group>"; };
		C12978AD2BB05C4B00A72CDE /* SplashEntities.swift */ = {isa = PBXFileReference; fileEncoding = 4; lastKnownFileType = sourcecode.swift; path = SplashEntities.swift; sourceTree = "<group>"; };
		C13719BD2BC2EF35003E3206 /* CharacterDetailEntities.swift */ = {isa = PBXFileReference; lastKnownFileType = sourcecode.swift; path = CharacterDetailEntities.swift; sourceTree = "<group>"; };
		C13719C12BC2EF6A003E3206 /* CharacterDetailView.swift */ = {isa = PBXFileReference; lastKnownFileType = sourcecode.swift; path = CharacterDetailView.swift; sourceTree = "<group>"; };
		C13719C32BC2EF71003E3206 /* CharacterDetailViewController.swift */ = {isa = PBXFileReference; lastKnownFileType = sourcecode.swift; path = CharacterDetailViewController.swift; sourceTree = "<group>"; };
		C13719C52BC2EF7B003E3206 /* CharacterDetailFactory.swift */ = {isa = PBXFileReference; lastKnownFileType = sourcecode.swift; path = CharacterDetailFactory.swift; sourceTree = "<group>"; };
		C13719C82BC2EF91003E3206 /* CharacterDetailViewModelProtocol.swift */ = {isa = PBXFileReference; lastKnownFileType = sourcecode.swift; path = CharacterDetailViewModelProtocol.swift; sourceTree = "<group>"; };
		C13719CA2BC2EF98003E3206 /* CharacterDetailViewModel.swift */ = {isa = PBXFileReference; lastKnownFileType = sourcecode.swift; path = CharacterDetailViewModel.swift; sourceTree = "<group>"; };
		C13719CD2BC2F0A5003E3206 /* CharacterDetailCoordinator.swift */ = {isa = PBXFileReference; lastKnownFileType = sourcecode.swift; path = CharacterDetailCoordinator.swift; sourceTree = "<group>"; };
		C18198D62BBD9708000FC790 /* CharacterCell.swift */ = {isa = PBXFileReference; lastKnownFileType = sourcecode.swift; path = CharacterCell.swift; sourceTree = "<group>"; };
		C19F0F922BB099C10065FAE2 /* HomeEntities.swift */ = {isa = PBXFileReference; lastKnownFileType = sourcecode.swift; path = HomeEntities.swift; sourceTree = "<group>"; };
		C19F0FA12BB09D5B0065FAE2 /* UIViewController+Extensions.swift */ = {isa = PBXFileReference; lastKnownFileType = sourcecode.swift; path = "UIViewController+Extensions.swift"; sourceTree = "<group>"; };
		C19F0FA32BB0ACC10065FAE2 /* UIColor+Palette.swift */ = {isa = PBXFileReference; lastKnownFileType = sourcecode.swift; path = "UIColor+Palette.swift"; sourceTree = "<group>"; };
		C1D1A1082BBEB3390016FD34 /* AlertView.swift */ = {isa = PBXFileReference; lastKnownFileType = sourcecode.swift; path = AlertView.swift; sourceTree = "<group>"; };
		C1D1A10C2BBEC1310016FD34 /* AlertEntities.swift */ = {isa = PBXFileReference; lastKnownFileType = sourcecode.swift; path = AlertEntities.swift; sourceTree = "<group>"; };
		C1D1A10E2BBECCB10016FD34 /* Color+Palette.swift */ = {isa = PBXFileReference; lastKnownFileType = sourcecode.swift; path = "Color+Palette.swift"; sourceTree = "<group>"; };
		C1D1A1102BBECEAD0016FD34 /* UIViewController+Alert.swift */ = {isa = PBXFileReference; lastKnownFileType = sourcecode.swift; path = "UIViewController+Alert.swift"; sourceTree = "<group>"; };
		C1D1A1142BBF0DDA0016FD34 /* CharacterResult.swift */ = {isa = PBXFileReference; lastKnownFileType = sourcecode.swift; path = CharacterResult.swift; sourceTree = "<group>"; };
		C1D1A1162BBF0F3E0016FD34 /* CharacterListResult.swift */ = {isa = PBXFileReference; lastKnownFileType = sourcecode.swift; path = CharacterListResult.swift; sourceTree = "<group>"; };
		C1D1A1192BBF0F880016FD34 /* CharacterListRequest.swift */ = {isa = PBXFileReference; lastKnownFileType = sourcecode.swift; path = CharacterListRequest.swift; sourceTree = "<group>"; };
		C1D1A11B2BBF0FC40016FD34 /* CharacterRepositoryProtocol.swift */ = {isa = PBXFileReference; lastKnownFileType = sourcecode.swift; path = CharacterRepositoryProtocol.swift; sourceTree = "<group>"; };
		C1D1A11D2BBF0FE30016FD34 /* CharacterRepository.swift */ = {isa = PBXFileReference; lastKnownFileType = sourcecode.swift; path = CharacterRepository.swift; sourceTree = "<group>"; };
		C1D1A1202BBF110F0016FD34 /* CharacterModel.swift */ = {isa = PBXFileReference; lastKnownFileType = sourcecode.swift; path = CharacterModel.swift; sourceTree = "<group>"; };
		C1E7FC5A2BBC2F180092C75C /* UIViewController+Loading.swift */ = {isa = PBXFileReference; lastKnownFileType = sourcecode.swift; path = "UIViewController+Loading.swift"; sourceTree = "<group>"; };
		C1E7FC5D2BBC30190092C75C /* LoadingView.swift */ = {isa = PBXFileReference; lastKnownFileType = sourcecode.swift; path = LoadingView.swift; sourceTree = "<group>"; };
		C1FDCD292BB01500000A5635 /* MarvelComics.app */ = {isa = PBXFileReference; explicitFileType = wrapper.application; includeInIndex = 0; path = MarvelComics.app; sourceTree = BUILT_PRODUCTS_DIR; };
		C1FDCD352BB01501000A5635 /* Assets.xcassets */ = {isa = PBXFileReference; lastKnownFileType = folder.assetcatalog; path = Assets.xcassets; sourceTree = "<group>"; };
		C1FDCD3A2BB01501000A5635 /* Info.plist */ = {isa = PBXFileReference; lastKnownFileType = text.plist.xml; path = Info.plist; sourceTree = "<group>"; };
		C1FDCD3F2BB01501000A5635 /* MarvelComicsTests.xctest */ = {isa = PBXFileReference; explicitFileType = wrapper.cfbundle; includeInIndex = 0; path = MarvelComicsTests.xctest; sourceTree = BUILT_PRODUCTS_DIR; };
		C1FDCD432BB01501000A5635 /* MarvelComicsTests.swift */ = {isa = PBXFileReference; lastKnownFileType = sourcecode.swift; path = MarvelComicsTests.swift; sourceTree = "<group>"; };
		C1FDCD492BB01501000A5635 /* MarvelComicsUITests.xctest */ = {isa = PBXFileReference; explicitFileType = wrapper.cfbundle; includeInIndex = 0; path = MarvelComicsUITests.xctest; sourceTree = BUILT_PRODUCTS_DIR; };
		C1FDCD4D2BB01501000A5635 /* MarvelComicsUITests.swift */ = {isa = PBXFileReference; lastKnownFileType = sourcecode.swift; path = MarvelComicsUITests.swift; sourceTree = "<group>"; };
		C1FDCD4F2BB01501000A5635 /* MarvelComicsUITestsLaunchTests.swift */ = {isa = PBXFileReference; lastKnownFileType = sourcecode.swift; path = MarvelComicsUITestsLaunchTests.swift; sourceTree = "<group>"; };
/* End PBXFileReference section */

/* Begin PBXFrameworksBuildPhase section */
		C1FDCD262BB01500000A5635 /* Frameworks */ = {
			isa = PBXFrameworksBuildPhase;
			buildActionMask = 2147483647;
			files = (
				C10D20262BBAED7A00839FFE /* Kingfisher in Frameworks */,
			);
			runOnlyForDeploymentPostprocessing = 0;
		};
		C1FDCD3C2BB01501000A5635 /* Frameworks */ = {
			isa = PBXFrameworksBuildPhase;
			buildActionMask = 2147483647;
			files = (
			);
			runOnlyForDeploymentPostprocessing = 0;
		};
		C1FDCD462BB01501000A5635 /* Frameworks */ = {
			isa = PBXFrameworksBuildPhase;
			buildActionMask = 2147483647;
			files = (
			);
			runOnlyForDeploymentPostprocessing = 0;
		};
/* End PBXFrameworksBuildPhase section */

/* Begin PBXGroup section */
		C105673C2BB99BD600D00F59 /* Network */ = {
			isa = PBXGroup;
			children = (
				C105674D2BB9B3AD00D00F59 /* Repository */,
				C10567412BB99E7F00D00F59 /* Entities */,
				C105673D2BB99CC500D00F59 /* APIClient.swift */,
				C105673F2BB99D7700D00F59 /* APIRequest.swift */,
				C10567442BB9A2F100D00F59 /* APIRequestParametersFactory.swift */,
				C105674B2BB9B09200D00F59 /* APIEndpoints.swift */,
			);
			path = Network;
			sourceTree = "<group>";
		};
		C10567412BB99E7F00D00F59 /* Entities */ = {
			isa = PBXGroup;
			children = (
				C10567422BB99E8D00D00F59 /* APIEntities.swift */,
			);
			path = Entities;
			sourceTree = "<group>";
		};
		C105674D2BB9B3AD00D00F59 /* Repository */ = {
			isa = PBXGroup;
			children = (
				C1D1A1122BBF0D9C0016FD34 /* CharacterRepository */,
				C10567532BB9B55400D00F59 /* Domain */,
				C105674E2BB9B3B900D00F59 /* ComicRepository */,
				C10567662BB9C0BD00D00F59 /* RepositoryProtocol.swift */,
			);
			path = Repository;
			sourceTree = "<group>";
		};
		C105674E2BB9B3B900D00F59 /* ComicRepository */ = {
			isa = PBXGroup;
			children = (
				C10567642BB9BE0200D00F59 /* ComicRepository.swift */,
				C10567622BB9BCE900D00F59 /* ComicRepositoryProtocol.swift */,
				C10567502BB9B41500D00F59 /* Domain */,
				C105674F2BB9B40B00D00F59 /* Request */,
			);
			path = ComicRepository;
			sourceTree = "<group>";
		};
		C105674F2BB9B40B00D00F59 /* Request */ = {
			isa = PBXGroup;
			children = (
				C10567602BB9B85400D00F59 /* ComicListRequest.swift */,
			);
			path = Request;
			sourceTree = "<group>";
		};
		C10567502BB9B41500D00F59 /* Domain */ = {
			isa = PBXGroup;
			children = (
				C10567512BB9B4FE00D00F59 /* ComicListResult.swift */,
				C105675E2BB9B71D00D00F59 /* ComicResult.swift */,
			);
			path = Domain;
			sourceTree = "<group>";
		};
		C10567532BB9B55400D00F59 /* Domain */ = {
			isa = PBXGroup;
			children = (
				C10567562BB9B59B00D00F59 /* ThumbnailResult.swift */,
				C10567582BB9B5E400D00F59 /* PriceResult.swift */,
				C105675A2BB9B65800D00F59 /* DateResult.swift */,
				C105675C2BB9B6AC00D00F59 /* DataResult.swift */,
			);
			path = Domain;
			sourceTree = "<group>";
		};
		C10C22BD2BC010000010D6AA /* Domain */ = {
			isa = PBXGroup;
			children = (
				C10C22BE2BC010140010D6AA /* Pagination.swift */,
			);
			path = Domain;
			sourceTree = "<group>";
		};
		C10D20212BBAE9B200839FFE /* Cell */ = {
			isa = PBXGroup;
			children = (
				C10D20222BBAE9F700839FFE /* ComicCollectionCell.swift */,
			);
			path = Cell;
			sourceTree = "<group>";
		};
		C10D202B2BBAF25500839FFE /* Domain */ = {
			isa = PBXGroup;
			children = (
				C10D202C2BBAF27D00839FFE /* ComicModel.swift */,
			);
			path = Domain;
			sourceTree = "<group>";
		};
		C10F73B52BB17CC800F6DD74 /* Base */ = {
			isa = PBXGroup;
			children = (
				C10F73B62BB17CD300F6DD74 /* Coordinator */,
			);
			path = Base;
			sourceTree = "<group>";
		};
		C10F73B62BB17CD300F6DD74 /* Coordinator */ = {
			isa = PBXGroup;
			children = (
				C10F73B72BB17D0F00F6DD74 /* CoordinatorEntities.swift */,
				C10F73B92BB17D1C00F6DD74 /* BaseCoordinator.swift */,
			);
			path = Coordinator;
			sourceTree = "<group>";
		};
		C10F73BB2BB17F9E00F6DD74 /* Coordinator */ = {
			isa = PBXGroup;
			children = (
				C10F73BC2BB17FAE00F6DD74 /* SplashCoordinator.swift */,
			);
			path = Coordinator;
			sourceTree = "<group>";
		};
		C10F73C02BB1815D00F6DD74 /* Protocol */ = {
			isa = PBXGroup;
			children = (
				C12978A12BB05C4B00A72CDE /* ViewFactory.swift */,
				C10F73BE2BB1815900F6DD74 /* ViewModelProtocol.swift */,
			);
			path = Protocol;
			sourceTree = "<group>";
		};
		C10F73C52BB1889400F6DD74 /* Coordinator */ = {
			isa = PBXGroup;
			children = (
				C10F73C62BB188A300F6DD74 /* HomeCoordinator.swift */,
			);
			path = Coordinator;
			sourceTree = "<group>";
		};
		C10F73C82BB1B59500F6DD74 /* Comic */ = {
			isa = PBXGroup;
			children = (
				C10F73CB2BB1B5BE00F6DD74 /* List */,
			);
			path = Comic;
			sourceTree = "<group>";
		};
		C10F73C92BB1B5A100F6DD74 /* Presentation */ = {
			isa = PBXGroup;
			children = (
				C10F73CC2BB1B5CE00F6DD74 /* View */,
				C10F73CA2BB1B5AB00F6DD74 /* ViewModel */,
			);
			path = Presentation;
			sourceTree = "<group>";
		};
		C10F73CA2BB1B5AB00F6DD74 /* ViewModel */ = {
			isa = PBXGroup;
			children = (
				C10F73D22BB1B61B00F6DD74 /* ComicListViewModel.swift */,
				C10F73D62BB1B67000F6DD74 /* ComicListViewModelProtocol.swift */,
			);
			path = ViewModel;
			sourceTree = "<group>";
		};
		C10F73CB2BB1B5BE00F6DD74 /* List */ = {
			isa = PBXGroup;
			children = (
				C10D202B2BBAF25500839FFE /* Domain */,
				C10F73CD2BB1B5DA00F6DD74 /* Entities */,
				C10F73C92BB1B5A100F6DD74 /* Presentation */,
			);
			path = List;
			sourceTree = "<group>";
		};
		C10F73CC2BB1B5CE00F6DD74 /* View */ = {
			isa = PBXGroup;
			children = (
				C10D20212BBAE9B200839FFE /* Cell */,
				C10F73D02BB1B61000F6DD74 /* ComicListViewController.swift */,
				C10F73D42BB1B62700F6DD74 /* ComicListView.swift */,
				C10F73D82BB1B6D800F6DD74 /* ComicListViewFactory.swift */,
			);
			path = View;
			sourceTree = "<group>";
		};
		C10F73CD2BB1B5DA00F6DD74 /* Entities */ = {
			isa = PBXGroup;
			children = (
				C10F73CE2BB1B5EA00F6DD74 /* ComicListEntities.swift */,
			);
			path = Entities;
			sourceTree = "<group>";
		};
		C10F73DA2BB1B7D300F6DD74 /* Character */ = {
			isa = PBXGroup;
			children = (
				C13719BC2BC2EF1D003E3206 /* Detail */,
				C10F73DB2BB1B7DC00F6DD74 /* List */,
			);
			path = Character;
			sourceTree = "<group>";
		};
		C10F73DB2BB1B7DC00F6DD74 /* List */ = {
			isa = PBXGroup;
			children = (
				C1D1A11F2BBF11020016FD34 /* Domain */,
				C10F73DD2BB1B7EA00F6DD74 /* Presentation */,
				C10F73DC2BB1B7E500F6DD74 /* Entities */,
			);
			path = List;
			sourceTree = "<group>";
		};
		C10F73DC2BB1B7E500F6DD74 /* Entities */ = {
			isa = PBXGroup;
			children = (
				C10F73EA2BB1B85000F6DD74 /* CharacterListEntities.swift */,
			);
			path = Entities;
			sourceTree = "<group>";
		};
		C10F73DD2BB1B7EA00F6DD74 /* Presentation */ = {
			isa = PBXGroup;
			children = (
				C10F73DF2BB1B7F900F6DD74 /* ViewModel */,
				C10F73DE2BB1B7F500F6DD74 /* View */,
			);
			path = Presentation;
			sourceTree = "<group>";
		};
		C10F73DE2BB1B7F500F6DD74 /* View */ = {
			isa = PBXGroup;
			children = (
				C18198D52BBD96F2000FC790 /* Cell */,
				C10F73E42BB1B82A00F6DD74 /* CharacterListView.swift */,
				C10F73E62BB1B83100F6DD74 /* CharacterListViewController.swift */,
				C10F73E82BB1B83B00F6DD74 /* CharacterListViewFactory.swift */,
			);
			path = View;
			sourceTree = "<group>";
		};
		C10F73DF2BB1B7F900F6DD74 /* ViewModel */ = {
			isa = PBXGroup;
			children = (
				C10F73E02BB1B81500F6DD74 /* CharacterListViewModel.swift */,
				C10F73E22BB1B81D00F6DD74 /* CharacterListViewModelProtocol.swift */,
			);
			path = ViewModel;
			sourceTree = "<group>";
		};
		C129789F2BB05C4B00A72CDE /* Sources */ = {
			isa = PBXGroup;
			children = (
				C105673C2BB99BD600D00F59 /* Network */,
				C12978A02BB05C4B00A72CDE /* Shared */,
				C12978A32BB05C4B00A72CDE /* Modules */,
			);
			path = Sources;
			sourceTree = "<group>";
		};
		C12978A02BB05C4B00A72CDE /* Shared */ = {
			isa = PBXGroup;
			children = (
				C1E7FC5C2BBC300E0092C75C /* View */,
				C10F73C02BB1815D00F6DD74 /* Protocol */,
				C10F73B52BB17CC800F6DD74 /* Base */,
				C12978BE2BB060D200A72CDE /* Extensions */,
			);
			path = Shared;
			sourceTree = "<group>";
		};
		C12978A32BB05C4B00A72CDE /* Modules */ = {
			isa = PBXGroup;
			children = (
				C105673A2BB9990700D00F59 /* AppDelegate.swift */,
				C19F0F902BB099AF0065FAE2 /* Home */,
				C12978A42BB05C4B00A72CDE /* Splash */,
			);
			path = Modules;
			sourceTree = "<group>";
		};
		C12978A42BB05C4B00A72CDE /* Splash */ = {
			isa = PBXGroup;
			children = (
				C10F73BB2BB17F9E00F6DD74 /* Coordinator */,
				C12978A52BB05C4B00A72CDE /* Presentation */,
				C12978AC2BB05C4B00A72CDE /* Entities */,
			);
			path = Splash;
			sourceTree = "<group>";
		};
		C12978A52BB05C4B00A72CDE /* Presentation */ = {
			isa = PBXGroup;
			children = (
				C12978A62BB05C4B00A72CDE /* ViewModel */,
				C12978A82BB05C4B00A72CDE /* View */,
			);
			path = Presentation;
			sourceTree = "<group>";
		};
		C12978A62BB05C4B00A72CDE /* ViewModel */ = {
			isa = PBXGroup;
			children = (
				C12978A72BB05C4B00A72CDE /* SplashViewModel.swift */,
				C10F73C32BB1821500F6DD74 /* SplashViewModelProtocol.swift */,
			);
			path = ViewModel;
			sourceTree = "<group>";
		};
		C12978A82BB05C4B00A72CDE /* View */ = {
			isa = PBXGroup;
			children = (
				C12978A92BB05C4B00A72CDE /* SpashViewController.swift */,
				C12978AA2BB05C4B00A72CDE /* SplashView.swift */,
				C12978AB2BB05C4B00A72CDE /* SplashViewFactory.swift */,
			);
			path = View;
			sourceTree = "<group>";
		};
		C12978AC2BB05C4B00A72CDE /* Entities */ = {
			isa = PBXGroup;
			children = (
				C12978AD2BB05C4B00A72CDE /* SplashEntities.swift */,
			);
			path = Entities;
			sourceTree = "<group>";
		};
		C12978BB2BB05CA100A72CDE /* Resources */ = {
			isa = PBXGroup;
			children = (
				C10D20292BBAF1F300839FFE /* loading.gif */,
				C1FDCD352BB01501000A5635 /* Assets.xcassets */,
			);
			path = Resources;
			sourceTree = "<group>";
		};
		C12978BE2BB060D200A72CDE /* Extensions */ = {
			isa = PBXGroup;
			children = (
				C19F0FA12BB09D5B0065FAE2 /* UIViewController+Extensions.swift */,
				C19F0FA32BB0ACC10065FAE2 /* UIColor+Palette.swift */,
				C10D202E2BBAF4CA00839FFE /* Date+Extensions.swift */,
				C1E7FC5A2BBC2F180092C75C /* UIViewController+Loading.swift */,
				C1D1A10E2BBECCB10016FD34 /* Color+Palette.swift */,
				C1D1A1102BBECEAD0016FD34 /* UIViewController+Alert.swift */,
			);
			path = Extensions;
			sourceTree = "<group>";
		};
		C13719BC2BC2EF1D003E3206 /* Detail */ = {
			isa = PBXGroup;
			children = (
				C13719CC2BC2F08D003E3206 /* Coordinator */,
				C13719C72BC2EF7E003E3206 /* ViewModel */,
				C13719C02BC2EF55003E3206 /* Presentation */,
				C13719BF2BC2EF39003E3206 /* Entities */,
			);
			path = Detail;
			sourceTree = "<group>";
		};
		C13719BF2BC2EF39003E3206 /* Entities */ = {
			isa = PBXGroup;
			children = (
				C13719BD2BC2EF35003E3206 /* CharacterDetailEntities.swift */,
			);
			path = Entities;
			sourceTree = "<group>";
		};
		C13719C02BC2EF55003E3206 /* Presentation */ = {
			isa = PBXGroup;
			children = (
				C13719C12BC2EF6A003E3206 /* CharacterDetailView.swift */,
				C13719C32BC2EF71003E3206 /* CharacterDetailViewController.swift */,
				C13719C52BC2EF7B003E3206 /* CharacterDetailFactory.swift */,
			);
			path = Presentation;
			sourceTree = "<group>";
		};
		C13719C72BC2EF7E003E3206 /* ViewModel */ = {
			isa = PBXGroup;
			children = (
				C13719C82BC2EF91003E3206 /* CharacterDetailViewModelProtocol.swift */,
				C13719CA2BC2EF98003E3206 /* CharacterDetailViewModel.swift */,
			);
			path = ViewModel;
			sourceTree = "<group>";
		};
		C13719CC2BC2F08D003E3206 /* Coordinator */ = {
			isa = PBXGroup;
			children = (
				C13719CD2BC2F0A5003E3206 /* CharacterDetailCoordinator.swift */,
			);
			path = Coordinator;
			sourceTree = "<group>";
		};
		C18198D52BBD96F2000FC790 /* Cell */ = {
			isa = PBXGroup;
			children = (
				C18198D62BBD9708000FC790 /* CharacterCell.swift */,
			);
			path = Cell;
			sourceTree = "<group>";
		};
		C19F0F902BB099AF0065FAE2 /* Home */ = {
			isa = PBXGroup;
			children = (
				C10C22BD2BC010000010D6AA /* Domain */,
				C10F73DA2BB1B7D300F6DD74 /* Character */,
				C10F73C82BB1B59500F6DD74 /* Comic */,
				C10F73C52BB1889400F6DD74 /* Coordinator */,
				C19F0F912BB099B80065FAE2 /* Entities */,
			);
			path = Home;
			sourceTree = "<group>";
		};
		C19F0F912BB099B80065FAE2 /* Entities */ = {
			isa = PBXGroup;
			children = (
				C19F0F922BB099C10065FAE2 /* HomeEntities.swift */,
			);
			path = Entities;
			sourceTree = "<group>";
		};
		C1D1A10A2BBEC11E0016FD34 /* Alert */ = {
			isa = PBXGroup;
			children = (
				C1D1A1082BBEB3390016FD34 /* AlertView.swift */,
				C1D1A10B2BBEC1270016FD34 /* Entities */,
			);
			path = Alert;
			sourceTree = "<group>";
		};
		C1D1A10B2BBEC1270016FD34 /* Entities */ = {
			isa = PBXGroup;
			children = (
				C1D1A10C2BBEC1310016FD34 /* AlertEntities.swift */,
			);
			path = Entities;
			sourceTree = "<group>";
		};
		C1D1A1122BBF0D9C0016FD34 /* CharacterRepository */ = {
			isa = PBXGroup;
			children = (
				C1D1A1182BBF0F690016FD34 /* Request */,
				C1D1A1132BBF0DAC0016FD34 /* Domain */,
				C1D1A11B2BBF0FC40016FD34 /* CharacterRepositoryProtocol.swift */,
				C1D1A11D2BBF0FE30016FD34 /* CharacterRepository.swift */,
			);
			path = CharacterRepository;
			sourceTree = "<group>";
		};
		C1D1A1132BBF0DAC0016FD34 /* Domain */ = {
			isa = PBXGroup;
			children = (
				C1D1A1142BBF0DDA0016FD34 /* CharacterResult.swift */,
				C1D1A1162BBF0F3E0016FD34 /* CharacterListResult.swift */,
			);
			path = Domain;
			sourceTree = "<group>";
		};
		C1D1A1182BBF0F690016FD34 /* Request */ = {
			isa = PBXGroup;
			children = (
				C1D1A1192BBF0F880016FD34 /* CharacterListRequest.swift */,
			);
			path = Request;
			sourceTree = "<group>";
		};
		C1D1A11F2BBF11020016FD34 /* Domain */ = {
			isa = PBXGroup;
			children = (
				C1D1A1202BBF110F0016FD34 /* CharacterModel.swift */,
				C10C22C22BC0180F0010D6AA /* CharacterPaginationModel.swift */,
			);
			path = Domain;
			sourceTree = "<group>";
		};
		C1E7FC5C2BBC300E0092C75C /* View */ = {
			isa = PBXGroup;
			children = (
				C1D1A10A2BBEC11E0016FD34 /* Alert */,
				C1E7FC5D2BBC30190092C75C /* LoadingView.swift */,
			);
			path = View;
			sourceTree = "<group>";
		};
		C1FDCD202BB014FF000A5635 = {
			isa = PBXGroup;
			children = (
				C1FDCD2B2BB01500000A5635 /* MarvelComics */,
				C1FDCD422BB01501000A5635 /* MarvelComicsTests */,
				C1FDCD4C2BB01501000A5635 /* MarvelComicsUITests */,
				C1FDCD2A2BB01500000A5635 /* Products */,
			);
			sourceTree = "<group>";
		};
		C1FDCD2A2BB01500000A5635 /* Products */ = {
			isa = PBXGroup;
			children = (
				C1FDCD292BB01500000A5635 /* MarvelComics.app */,
				C1FDCD3F2BB01501000A5635 /* MarvelComicsTests.xctest */,
				C1FDCD492BB01501000A5635 /* MarvelComicsUITests.xctest */,
			);
			name = Products;
			sourceTree = "<group>";
		};
		C1FDCD2B2BB01500000A5635 /* MarvelComics */ = {
			isa = PBXGroup;
			children = (
				C12978BB2BB05CA100A72CDE /* Resources */,
				C129789F2BB05C4B00A72CDE /* Sources */,
				C1FDCD3A2BB01501000A5635 /* Info.plist */,
			);
			path = MarvelComics;
			sourceTree = "<group>";
		};
		C1FDCD422BB01501000A5635 /* MarvelComicsTests */ = {
			isa = PBXGroup;
			children = (
				C1FDCD432BB01501000A5635 /* MarvelComicsTests.swift */,
			);
			path = MarvelComicsTests;
			sourceTree = "<group>";
		};
		C1FDCD4C2BB01501000A5635 /* MarvelComicsUITests */ = {
			isa = PBXGroup;
			children = (
				C1FDCD4D2BB01501000A5635 /* MarvelComicsUITests.swift */,
				C1FDCD4F2BB01501000A5635 /* MarvelComicsUITestsLaunchTests.swift */,
			);
			path = MarvelComicsUITests;
			sourceTree = "<group>";
		};
/* End PBXGroup section */

/* Begin PBXNativeTarget section */
		C1FDCD282BB01500000A5635 /* MarvelComics */ = {
			isa = PBXNativeTarget;
			buildConfigurationList = C1FDCD532BB01501000A5635 /* Build configuration list for PBXNativeTarget "MarvelComics" */;
			buildPhases = (
				C1FDCD252BB01500000A5635 /* Sources */,
				C1FDCD262BB01500000A5635 /* Frameworks */,
				C1FDCD272BB01500000A5635 /* Resources */,
			);
			buildRules = (
			);
			dependencies = (
			);
			name = MarvelComics;
			packageProductDependencies = (
				C10D20252BBAED7A00839FFE /* Kingfisher */,
			);
			productName = MarvelComics;
			productReference = C1FDCD292BB01500000A5635 /* MarvelComics.app */;
			productType = "com.apple.product-type.application";
		};
		C1FDCD3E2BB01501000A5635 /* MarvelComicsTests */ = {
			isa = PBXNativeTarget;
			buildConfigurationList = C1FDCD562BB01501000A5635 /* Build configuration list for PBXNativeTarget "MarvelComicsTests" */;
			buildPhases = (
				C1FDCD3B2BB01501000A5635 /* Sources */,
				C1FDCD3C2BB01501000A5635 /* Frameworks */,
				C1FDCD3D2BB01501000A5635 /* Resources */,
			);
			buildRules = (
			);
			dependencies = (
				C1FDCD412BB01501000A5635 /* PBXTargetDependency */,
			);
			name = MarvelComicsTests;
			productName = MarvelComicsTests;
			productReference = C1FDCD3F2BB01501000A5635 /* MarvelComicsTests.xctest */;
			productType = "com.apple.product-type.bundle.unit-test";
		};
		C1FDCD482BB01501000A5635 /* MarvelComicsUITests */ = {
			isa = PBXNativeTarget;
			buildConfigurationList = C1FDCD592BB01501000A5635 /* Build configuration list for PBXNativeTarget "MarvelComicsUITests" */;
			buildPhases = (
				C1FDCD452BB01501000A5635 /* Sources */,
				C1FDCD462BB01501000A5635 /* Frameworks */,
				C1FDCD472BB01501000A5635 /* Resources */,
			);
			buildRules = (
			);
			dependencies = (
				C1FDCD4B2BB01501000A5635 /* PBXTargetDependency */,
			);
			name = MarvelComicsUITests;
			productName = MarvelComicsUITests;
			productReference = C1FDCD492BB01501000A5635 /* MarvelComicsUITests.xctest */;
			productType = "com.apple.product-type.bundle.ui-testing";
		};
/* End PBXNativeTarget section */

/* Begin PBXProject section */
		C1FDCD212BB014FF000A5635 /* Project object */ = {
			isa = PBXProject;
			attributes = {
				BuildIndependentTargetsInParallel = 1;
				LastSwiftUpdateCheck = 1510;
				LastUpgradeCheck = 1510;
				TargetAttributes = {
					C1FDCD282BB01500000A5635 = {
						CreatedOnToolsVersion = 15.1;
					};
					C1FDCD3E2BB01501000A5635 = {
						CreatedOnToolsVersion = 15.1;
						TestTargetID = C1FDCD282BB01500000A5635;
					};
					C1FDCD482BB01501000A5635 = {
						CreatedOnToolsVersion = 15.1;
						TestTargetID = C1FDCD282BB01500000A5635;
					};
				};
			};
			buildConfigurationList = C1FDCD242BB014FF000A5635 /* Build configuration list for PBXProject "MarvelComics" */;
			compatibilityVersion = "Xcode 14.0";
			developmentRegion = en;
			hasScannedForEncodings = 0;
			knownRegions = (
				en,
				Base,
			);
			mainGroup = C1FDCD202BB014FF000A5635;
			packageReferences = (
				C10D20242BBAED7900839FFE /* XCRemoteSwiftPackageReference "Kingfisher" */,
			);
			productRefGroup = C1FDCD2A2BB01500000A5635 /* Products */;
			projectDirPath = "";
			projectRoot = "";
			targets = (
				C1FDCD282BB01500000A5635 /* MarvelComics */,
				C1FDCD3E2BB01501000A5635 /* MarvelComicsTests */,
				C1FDCD482BB01501000A5635 /* MarvelComicsUITests */,
			);
		};
/* End PBXProject section */

/* Begin PBXResourcesBuildPhase section */
		C1FDCD272BB01500000A5635 /* Resources */ = {
			isa = PBXResourcesBuildPhase;
			buildActionMask = 2147483647;
			files = (
				C10D202A2BBAF1F300839FFE /* loading.gif in Resources */,
				C1FDCD362BB01501000A5635 /* Assets.xcassets in Resources */,
			);
			runOnlyForDeploymentPostprocessing = 0;
		};
		C1FDCD3D2BB01501000A5635 /* Resources */ = {
			isa = PBXResourcesBuildPhase;
			buildActionMask = 2147483647;
			files = (
			);
			runOnlyForDeploymentPostprocessing = 0;
		};
		C1FDCD472BB01501000A5635 /* Resources */ = {
			isa = PBXResourcesBuildPhase;
			buildActionMask = 2147483647;
			files = (
			);
			runOnlyForDeploymentPostprocessing = 0;
		};
/* End PBXResourcesBuildPhase section */

/* Begin PBXSourcesBuildPhase section */
		C1FDCD252BB01500000A5635 /* Sources */ = {
			isa = PBXSourcesBuildPhase;
			buildActionMask = 2147483647;
			files = (
				C10F73D72BB1B67000F6DD74 /* ComicListViewModelProtocol.swift in Sources */,
				C10F73C42BB1821500F6DD74 /* SplashViewModelProtocol.swift in Sources */,
				C1D1A11C2BBF0FC40016FD34 /* CharacterRepositoryProtocol.swift in Sources */,
				C105675F2BB9B71D00D00F59 /* ComicResult.swift in Sources */,
				C10F73EB2BB1B85000F6DD74 /* CharacterListEntities.swift in Sources */,
				C13719C42BC2EF71003E3206 /* CharacterDetailViewController.swift in Sources */,
				C12978B62BB05C4B00A72CDE /* SplashViewFactory.swift in Sources */,
				C1D1A1092BBEB3390016FD34 /* AlertView.swift in Sources */,
				C1E7FC5E2BBC30190092C75C /* LoadingView.swift in Sources */,
				C12978B42BB05C4B00A72CDE /* SpashViewController.swift in Sources */,
				C10F73E72BB1B83100F6DD74 /* CharacterListViewController.swift in Sources */,
				C10D202D2BBAF27D00839FFE /* ComicModel.swift in Sources */,
				C10F73BF2BB1815900F6DD74 /* ViewModelProtocol.swift in Sources */,
				C1D1A10F2BBECCB10016FD34 /* Color+Palette.swift in Sources */,
				C10F73BA2BB17D1C00F6DD74 /* BaseCoordinator.swift in Sources */,
				C10F73D92BB1B6D800F6DD74 /* ComicListViewFactory.swift in Sources */,
				C10F73CF2BB1B5EA00F6DD74 /* ComicListEntities.swift in Sources */,
				C10F73BD2BB17FAE00F6DD74 /* SplashCoordinator.swift in Sources */,
				C13719CE2BC2F0A5003E3206 /* CharacterDetailCoordinator.swift in Sources */,
				C10567632BB9BCE900D00F59 /* ComicRepositoryProtocol.swift in Sources */,
				C13719C92BC2EF91003E3206 /* CharacterDetailViewModelProtocol.swift in Sources */,
				C19F0FA22BB09D5B0065FAE2 /* UIViewController+Extensions.swift in Sources */,
				C12978B32BB05C4B00A72CDE /* SplashViewModel.swift in Sources */,
				C10F73B82BB17D0F00F6DD74 /* CoordinatorEntities.swift in Sources */,
				C10567402BB99D7700D00F59 /* APIRequest.swift in Sources */,
				C10F73E12BB1B81500F6DD74 /* CharacterListViewModel.swift in Sources */,
				C10C22C32BC0180F0010D6AA /* CharacterPaginationModel.swift in Sources */,
				C19F0F932BB099C10065FAE2 /* HomeEntities.swift in Sources */,
				C10F73D52BB1B62700F6DD74 /* ComicListView.swift in Sources */,
				C12978B12BB05C4B00A72CDE /* ViewFactory.swift in Sources */,
				C10F73D12BB1B61000F6DD74 /* ComicListViewController.swift in Sources */,
				C105674C2BB9B09200D00F59 /* APIEndpoints.swift in Sources */,
				C10567522BB9B4FE00D00F59 /* ComicListResult.swift in Sources */,
				C1D1A11E2BBF0FE30016FD34 /* CharacterRepository.swift in Sources */,
				C12978B72BB05C4B00A72CDE /* SplashEntities.swift in Sources */,
				C10C22BF2BC010140010D6AA /* Pagination.swift in Sources */,
				C105673B2BB9990700D00F59 /* AppDelegate.swift in Sources */,
				C13719C62BC2EF7B003E3206 /* CharacterDetailFactory.swift in Sources */,
				C10567432BB99E8D00D00F59 /* APIEntities.swift in Sources */,
				C10F73E32BB1B81D00F6DD74 /* CharacterListViewModelProtocol.swift in Sources */,
				C1D1A1172BBF0F3E0016FD34 /* CharacterListResult.swift in Sources */,
				C13719BE2BC2EF35003E3206 /* CharacterDetailEntities.swift in Sources */,
				C10D20232BBAE9F700839FFE /* ComicCollectionCell.swift in Sources */,
				C10F73E52BB1B82A00F6DD74 /* CharacterListView.swift in Sources */,
				C1D1A1112BBECEAD0016FD34 /* UIViewController+Alert.swift in Sources */,
				C10567592BB9B5E400D00F59 /* PriceResult.swift in Sources */,
				C10567612BB9B85400D00F59 /* ComicListRequest.swift in Sources */,
				C1D1A10D2BBEC1310016FD34 /* AlertEntities.swift in Sources */,
				C10D202F2BBAF4CA00839FFE /* Date+Extensions.swift in Sources */,
				C13719C22BC2EF6A003E3206 /* CharacterDetailView.swift in Sources */,
				C10F73C72BB188A300F6DD74 /* HomeCoordinator.swift in Sources */,
				C105673E2BB99CC500D00F59 /* APIClient.swift in Sources */,
				C10567672BB9C0BD00D00F59 /* RepositoryProtocol.swift in Sources */,
				C10567652BB9BE0200D00F59 /* ComicRepository.swift in Sources */,
				C1D1A11A2BBF0F880016FD34 /* CharacterListRequest.swift in Sources */,
				C10F73E92BB1B83B00F6DD74 /* CharacterListViewFactory.swift in Sources */,
				C1D1A1152BBF0DDA0016FD34 /* CharacterResult.swift in Sources */,
				C105675D2BB9B6AC00D00F59 /* DataResult.swift in Sources */,
				C12978B52BB05C4B00A72CDE /* SplashView.swift in Sources */,
				C10F73D32BB1B61B00F6DD74 /* ComicListViewModel.swift in Sources */,
				C10567452BB9A2F100D00F59 /* APIRequestParametersFactory.swift in Sources */,
				C1E7FC5B2BBC2F180092C75C /* UIViewController+Loading.swift in Sources */,
				C18198D72BBD9708000FC790 /* CharacterCell.swift in Sources */,
				C13719CB2BC2EF98003E3206 /* CharacterDetailViewModel.swift in Sources */,
				C105675B2BB9B65800D00F59 /* DateResult.swift in Sources */,
				C10567572BB9B59B00D00F59 /* ThumbnailResult.swift in Sources */,
				C19F0FA42BB0ACC10065FAE2 /* UIColor+Palette.swift in Sources */,
				C1D1A1212BBF110F0016FD34 /* CharacterModel.swift in Sources */,
			);
			runOnlyForDeploymentPostprocessing = 0;
		};
		C1FDCD3B2BB01501000A5635 /* Sources */ = {
			isa = PBXSourcesBuildPhase;
			buildActionMask = 2147483647;
			files = (
				C1FDCD442BB01501000A5635 /* MarvelComicsTests.swift in Sources */,
			);
			runOnlyForDeploymentPostprocessing = 0;
		};
		C1FDCD452BB01501000A5635 /* Sources */ = {
			isa = PBXSourcesBuildPhase;
			buildActionMask = 2147483647;
			files = (
				C1FDCD4E2BB01501000A5635 /* MarvelComicsUITests.swift in Sources */,
				C1FDCD502BB01501000A5635 /* MarvelComicsUITestsLaunchTests.swift in Sources */,
			);
			runOnlyForDeploymentPostprocessing = 0;
		};
/* End PBXSourcesBuildPhase section */

/* Begin PBXTargetDependency section */
		C1FDCD412BB01501000A5635 /* PBXTargetDependency */ = {
			isa = PBXTargetDependency;
			target = C1FDCD282BB01500000A5635 /* MarvelComics */;
			targetProxy = C1FDCD402BB01501000A5635 /* PBXContainerItemProxy */;
		};
		C1FDCD4B2BB01501000A5635 /* PBXTargetDependency */ = {
			isa = PBXTargetDependency;
			target = C1FDCD282BB01500000A5635 /* MarvelComics */;
			targetProxy = C1FDCD4A2BB01501000A5635 /* PBXContainerItemProxy */;
		};
/* End PBXTargetDependency section */

/* Begin XCBuildConfiguration section */
		C1FDCD512BB01501000A5635 /* Debug */ = {
			isa = XCBuildConfiguration;
			buildSettings = {
				ALWAYS_SEARCH_USER_PATHS = NO;
				ASSETCATALOG_COMPILER_GENERATE_SWIFT_ASSET_SYMBOL_EXTENSIONS = YES;
				CLANG_ANALYZER_NONNULL = YES;
				CLANG_ANALYZER_NUMBER_OBJECT_CONVERSION = YES_AGGRESSIVE;
				CLANG_CXX_LANGUAGE_STANDARD = "gnu++20";
				CLANG_ENABLE_MODULES = YES;
				CLANG_ENABLE_OBJC_ARC = YES;
				CLANG_ENABLE_OBJC_WEAK = YES;
				CLANG_WARN_BLOCK_CAPTURE_AUTORELEASING = YES;
				CLANG_WARN_BOOL_CONVERSION = YES;
				CLANG_WARN_COMMA = YES;
				CLANG_WARN_CONSTANT_CONVERSION = YES;
				CLANG_WARN_DEPRECATED_OBJC_IMPLEMENTATIONS = YES;
				CLANG_WARN_DIRECT_OBJC_ISA_USAGE = YES_ERROR;
				CLANG_WARN_DOCUMENTATION_COMMENTS = YES;
				CLANG_WARN_EMPTY_BODY = YES;
				CLANG_WARN_ENUM_CONVERSION = YES;
				CLANG_WARN_INFINITE_RECURSION = YES;
				CLANG_WARN_INT_CONVERSION = YES;
				CLANG_WARN_NON_LITERAL_NULL_CONVERSION = YES;
				CLANG_WARN_OBJC_IMPLICIT_RETAIN_SELF = YES;
				CLANG_WARN_OBJC_LITERAL_CONVERSION = YES;
				CLANG_WARN_OBJC_ROOT_CLASS = YES_ERROR;
				CLANG_WARN_QUOTED_INCLUDE_IN_FRAMEWORK_HEADER = YES;
				CLANG_WARN_RANGE_LOOP_ANALYSIS = YES;
				CLANG_WARN_STRICT_PROTOTYPES = YES;
				CLANG_WARN_SUSPICIOUS_MOVE = YES;
				CLANG_WARN_UNGUARDED_AVAILABILITY = YES_AGGRESSIVE;
				CLANG_WARN_UNREACHABLE_CODE = YES;
				CLANG_WARN__DUPLICATE_METHOD_MATCH = YES;
				COPY_PHASE_STRIP = NO;
				DEBUG_INFORMATION_FORMAT = dwarf;
				ENABLE_STRICT_OBJC_MSGSEND = YES;
				ENABLE_TESTABILITY = YES;
				ENABLE_USER_SCRIPT_SANDBOXING = YES;
				GCC_C_LANGUAGE_STANDARD = gnu17;
				GCC_DYNAMIC_NO_PIC = NO;
				GCC_NO_COMMON_BLOCKS = YES;
				GCC_OPTIMIZATION_LEVEL = 0;
				GCC_PREPROCESSOR_DEFINITIONS = (
					"DEBUG=1",
					"$(inherited)",
				);
				GCC_WARN_64_TO_32_BIT_CONVERSION = YES;
				GCC_WARN_ABOUT_RETURN_TYPE = YES_ERROR;
				GCC_WARN_UNDECLARED_SELECTOR = YES;
				GCC_WARN_UNINITIALIZED_AUTOS = YES_AGGRESSIVE;
				GCC_WARN_UNUSED_FUNCTION = YES;
				GCC_WARN_UNUSED_VARIABLE = YES;
				IPHONEOS_DEPLOYMENT_TARGET = 17.2;
				LOCALIZATION_PREFERS_STRING_CATALOGS = YES;
				MTL_ENABLE_DEBUG_INFO = INCLUDE_SOURCE;
				MTL_FAST_MATH = YES;
				ONLY_ACTIVE_ARCH = YES;
				SDKROOT = iphoneos;
				SWIFT_ACTIVE_COMPILATION_CONDITIONS = "DEBUG $(inherited)";
				SWIFT_OPTIMIZATION_LEVEL = "-Onone";
			};
			name = Debug;
		};
		C1FDCD522BB01501000A5635 /* Release */ = {
			isa = XCBuildConfiguration;
			buildSettings = {
				ALWAYS_SEARCH_USER_PATHS = NO;
				ASSETCATALOG_COMPILER_GENERATE_SWIFT_ASSET_SYMBOL_EXTENSIONS = YES;
				CLANG_ANALYZER_NONNULL = YES;
				CLANG_ANALYZER_NUMBER_OBJECT_CONVERSION = YES_AGGRESSIVE;
				CLANG_CXX_LANGUAGE_STANDARD = "gnu++20";
				CLANG_ENABLE_MODULES = YES;
				CLANG_ENABLE_OBJC_ARC = YES;
				CLANG_ENABLE_OBJC_WEAK = YES;
				CLANG_WARN_BLOCK_CAPTURE_AUTORELEASING = YES;
				CLANG_WARN_BOOL_CONVERSION = YES;
				CLANG_WARN_COMMA = YES;
				CLANG_WARN_CONSTANT_CONVERSION = YES;
				CLANG_WARN_DEPRECATED_OBJC_IMPLEMENTATIONS = YES;
				CLANG_WARN_DIRECT_OBJC_ISA_USAGE = YES_ERROR;
				CLANG_WARN_DOCUMENTATION_COMMENTS = YES;
				CLANG_WARN_EMPTY_BODY = YES;
				CLANG_WARN_ENUM_CONVERSION = YES;
				CLANG_WARN_INFINITE_RECURSION = YES;
				CLANG_WARN_INT_CONVERSION = YES;
				CLANG_WARN_NON_LITERAL_NULL_CONVERSION = YES;
				CLANG_WARN_OBJC_IMPLICIT_RETAIN_SELF = YES;
				CLANG_WARN_OBJC_LITERAL_CONVERSION = YES;
				CLANG_WARN_OBJC_ROOT_CLASS = YES_ERROR;
				CLANG_WARN_QUOTED_INCLUDE_IN_FRAMEWORK_HEADER = YES;
				CLANG_WARN_RANGE_LOOP_ANALYSIS = YES;
				CLANG_WARN_STRICT_PROTOTYPES = YES;
				CLANG_WARN_SUSPICIOUS_MOVE = YES;
				CLANG_WARN_UNGUARDED_AVAILABILITY = YES_AGGRESSIVE;
				CLANG_WARN_UNREACHABLE_CODE = YES;
				CLANG_WARN__DUPLICATE_METHOD_MATCH = YES;
				COPY_PHASE_STRIP = NO;
				DEBUG_INFORMATION_FORMAT = "dwarf-with-dsym";
				ENABLE_NS_ASSERTIONS = NO;
				ENABLE_STRICT_OBJC_MSGSEND = YES;
				ENABLE_USER_SCRIPT_SANDBOXING = YES;
				GCC_C_LANGUAGE_STANDARD = gnu17;
				GCC_NO_COMMON_BLOCKS = YES;
				GCC_WARN_64_TO_32_BIT_CONVERSION = YES;
				GCC_WARN_ABOUT_RETURN_TYPE = YES_ERROR;
				GCC_WARN_UNDECLARED_SELECTOR = YES;
				GCC_WARN_UNINITIALIZED_AUTOS = YES_AGGRESSIVE;
				GCC_WARN_UNUSED_FUNCTION = YES;
				GCC_WARN_UNUSED_VARIABLE = YES;
				IPHONEOS_DEPLOYMENT_TARGET = 17.2;
				LOCALIZATION_PREFERS_STRING_CATALOGS = YES;
				MTL_ENABLE_DEBUG_INFO = NO;
				MTL_FAST_MATH = YES;
				SDKROOT = iphoneos;
				SWIFT_COMPILATION_MODE = wholemodule;
				VALIDATE_PRODUCT = YES;
			};
			name = Release;
		};
		C1FDCD542BB01501000A5635 /* Debug */ = {
			isa = XCBuildConfiguration;
			buildSettings = {
				ASSETCATALOG_COMPILER_APPICON_NAME = AppIcon;
				ASSETCATALOG_COMPILER_GLOBAL_ACCENT_COLOR_NAME = AccentColor;
				ASSETCATALOG_COMPILER_INCLUDE_ALL_APPICON_ASSETS = NO;
				CODE_SIGN_STYLE = Automatic;
				CURRENT_PROJECT_VERSION = 1;
				GENERATE_INFOPLIST_FILE = YES;
				INFOPLIST_FILE = MarvelComics/Info.plist;
				INFOPLIST_KEY_UIApplicationSupportsIndirectInputEvents = YES;
				INFOPLIST_KEY_UILaunchStoryboardName = LaunchScreen;
				INFOPLIST_KEY_UISupportedInterfaceOrientations_iPad = "UIInterfaceOrientationPortrait UIInterfaceOrientationPortraitUpsideDown UIInterfaceOrientationLandscapeLeft UIInterfaceOrientationLandscapeRight";
				INFOPLIST_KEY_UISupportedInterfaceOrientations_iPhone = "UIInterfaceOrientationPortrait UIInterfaceOrientationLandscapeLeft UIInterfaceOrientationLandscapeRight";
				LD_RUNPATH_SEARCH_PATHS = (
					"$(inherited)",
					"@executable_path/Frameworks",
				);
				MARKETING_VERSION = 1.0;
				PRODUCT_BUNDLE_IDENTIFIER = gdossantos.MarvelComics;
				PRODUCT_NAME = "$(TARGET_NAME)";
				SWIFT_EMIT_LOC_STRINGS = YES;
				SWIFT_VERSION = 5.0;
				TARGETED_DEVICE_FAMILY = "1,2";
			};
			name = Debug;
		};
		C1FDCD552BB01501000A5635 /* Release */ = {
			isa = XCBuildConfiguration;
			buildSettings = {
				ASSETCATALOG_COMPILER_APPICON_NAME = AppIcon;
				ASSETCATALOG_COMPILER_GLOBAL_ACCENT_COLOR_NAME = AccentColor;
				ASSETCATALOG_COMPILER_INCLUDE_ALL_APPICON_ASSETS = NO;
				CODE_SIGN_STYLE = Automatic;
				CURRENT_PROJECT_VERSION = 1;
				GENERATE_INFOPLIST_FILE = YES;
				INFOPLIST_FILE = MarvelComics/Info.plist;
				INFOPLIST_KEY_UIApplicationSupportsIndirectInputEvents = YES;
				INFOPLIST_KEY_UILaunchStoryboardName = LaunchScreen;
				INFOPLIST_KEY_UISupportedInterfaceOrientations_iPad = "UIInterfaceOrientationPortrait UIInterfaceOrientationPortraitUpsideDown UIInterfaceOrientationLandscapeLeft UIInterfaceOrientationLandscapeRight";
				INFOPLIST_KEY_UISupportedInterfaceOrientations_iPhone = "UIInterfaceOrientationPortrait UIInterfaceOrientationLandscapeLeft UIInterfaceOrientationLandscapeRight";
				LD_RUNPATH_SEARCH_PATHS = (
					"$(inherited)",
					"@executable_path/Frameworks",
				);
				MARKETING_VERSION = 1.0;
				PRODUCT_BUNDLE_IDENTIFIER = gdossantos.MarvelComics;
				PRODUCT_NAME = "$(TARGET_NAME)";
				SWIFT_EMIT_LOC_STRINGS = YES;
				SWIFT_VERSION = 5.0;
				TARGETED_DEVICE_FAMILY = "1,2";
			};
			name = Release;
		};
		C1FDCD572BB01501000A5635 /* Debug */ = {
			isa = XCBuildConfiguration;
			buildSettings = {
				ALWAYS_EMBED_SWIFT_STANDARD_LIBRARIES = YES;
				BUNDLE_LOADER = "$(TEST_HOST)";
				CODE_SIGN_STYLE = Automatic;
				CURRENT_PROJECT_VERSION = 1;
				GENERATE_INFOPLIST_FILE = YES;
				IPHONEOS_DEPLOYMENT_TARGET = 17.2;
				MARKETING_VERSION = 1.0;
				PRODUCT_BUNDLE_IDENTIFIER = gdossantos.MarvelComicsTests;
				PRODUCT_NAME = "$(TARGET_NAME)";
				SWIFT_EMIT_LOC_STRINGS = NO;
				SWIFT_VERSION = 5.0;
				TARGETED_DEVICE_FAMILY = "1,2";
				TEST_HOST = "$(BUILT_PRODUCTS_DIR)/MarvelComics.app/$(BUNDLE_EXECUTABLE_FOLDER_PATH)/MarvelComics";
			};
			name = Debug;
		};
		C1FDCD582BB01501000A5635 /* Release */ = {
			isa = XCBuildConfiguration;
			buildSettings = {
				ALWAYS_EMBED_SWIFT_STANDARD_LIBRARIES = YES;
				BUNDLE_LOADER = "$(TEST_HOST)";
				CODE_SIGN_STYLE = Automatic;
				CURRENT_PROJECT_VERSION = 1;
				GENERATE_INFOPLIST_FILE = YES;
				IPHONEOS_DEPLOYMENT_TARGET = 17.2;
				MARKETING_VERSION = 1.0;
				PRODUCT_BUNDLE_IDENTIFIER = gdossantos.MarvelComicsTests;
				PRODUCT_NAME = "$(TARGET_NAME)";
				SWIFT_EMIT_LOC_STRINGS = NO;
				SWIFT_VERSION = 5.0;
				TARGETED_DEVICE_FAMILY = "1,2";
				TEST_HOST = "$(BUILT_PRODUCTS_DIR)/MarvelComics.app/$(BUNDLE_EXECUTABLE_FOLDER_PATH)/MarvelComics";
			};
			name = Release;
		};
		C1FDCD5A2BB01501000A5635 /* Debug */ = {
			isa = XCBuildConfiguration;
			buildSettings = {
				ALWAYS_EMBED_SWIFT_STANDARD_LIBRARIES = YES;
				CODE_SIGN_STYLE = Automatic;
				CURRENT_PROJECT_VERSION = 1;
				GENERATE_INFOPLIST_FILE = YES;
				MARKETING_VERSION = 1.0;
				PRODUCT_BUNDLE_IDENTIFIER = gdossantos.MarvelComicsUITests;
				PRODUCT_NAME = "$(TARGET_NAME)";
				SWIFT_EMIT_LOC_STRINGS = NO;
				SWIFT_VERSION = 5.0;
				TARGETED_DEVICE_FAMILY = "1,2";
				TEST_TARGET_NAME = MarvelComics;
			};
			name = Debug;
		};
		C1FDCD5B2BB01501000A5635 /* Release */ = {
			isa = XCBuildConfiguration;
			buildSettings = {
				ALWAYS_EMBED_SWIFT_STANDARD_LIBRARIES = YES;
				CODE_SIGN_STYLE = Automatic;
				CURRENT_PROJECT_VERSION = 1;
				GENERATE_INFOPLIST_FILE = YES;
				MARKETING_VERSION = 1.0;
				PRODUCT_BUNDLE_IDENTIFIER = gdossantos.MarvelComicsUITests;
				PRODUCT_NAME = "$(TARGET_NAME)";
				SWIFT_EMIT_LOC_STRINGS = NO;
				SWIFT_VERSION = 5.0;
				TARGETED_DEVICE_FAMILY = "1,2";
				TEST_TARGET_NAME = MarvelComics;
			};
			name = Release;
		};
/* End XCBuildConfiguration section */

/* Begin XCConfigurationList section */
		C1FDCD242BB014FF000A5635 /* Build configuration list for PBXProject "MarvelComics" */ = {
			isa = XCConfigurationList;
			buildConfigurations = (
				C1FDCD512BB01501000A5635 /* Debug */,
				C1FDCD522BB01501000A5635 /* Release */,
			);
			defaultConfigurationIsVisible = 0;
			defaultConfigurationName = Release;
		};
		C1FDCD532BB01501000A5635 /* Build configuration list for PBXNativeTarget "MarvelComics" */ = {
			isa = XCConfigurationList;
			buildConfigurations = (
				C1FDCD542BB01501000A5635 /* Debug */,
				C1FDCD552BB01501000A5635 /* Release */,
			);
			defaultConfigurationIsVisible = 0;
			defaultConfigurationName = Release;
		};
		C1FDCD562BB01501000A5635 /* Build configuration list for PBXNativeTarget "MarvelComicsTests" */ = {
			isa = XCConfigurationList;
			buildConfigurations = (
				C1FDCD572BB01501000A5635 /* Debug */,
				C1FDCD582BB01501000A5635 /* Release */,
			);
			defaultConfigurationIsVisible = 0;
			defaultConfigurationName = Release;
		};
		C1FDCD592BB01501000A5635 /* Build configuration list for PBXNativeTarget "MarvelComicsUITests" */ = {
			isa = XCConfigurationList;
			buildConfigurations = (
				C1FDCD5A2BB01501000A5635 /* Debug */,
				C1FDCD5B2BB01501000A5635 /* Release */,
			);
			defaultConfigurationIsVisible = 0;
			defaultConfigurationName = Release;
		};
/* End XCConfigurationList section */

/* Begin XCRemoteSwiftPackageReference section */
		C10D20242BBAED7900839FFE /* XCRemoteSwiftPackageReference "Kingfisher" */ = {
			isa = XCRemoteSwiftPackageReference;
			repositoryURL = "https://github.com/onevcat/Kingfisher.git";
			requirement = {
				kind = upToNextMajorVersion;
				minimumVersion = 7.11.0;
			};
		};
/* End XCRemoteSwiftPackageReference section */

/* Begin XCSwiftPackageProductDependency section */
		C10D20252BBAED7A00839FFE /* Kingfisher */ = {
			isa = XCSwiftPackageProductDependency;
			package = C10D20242BBAED7900839FFE /* XCRemoteSwiftPackageReference "Kingfisher" */;
			productName = Kingfisher;
		};
/* End XCSwiftPackageProductDependency section */
	};
	rootObject = C1FDCD212BB014FF000A5635 /* Project object */;
}
