// !$*UTF8*$!
{
	archiveVersion = 1;
	classes = {
	};
	objectVersion = 56;
	objects = {

/* Begin PBXBuildFile section */
		C12978B12BB05C4B00A72CDE /* ViewFactory.swift in Sources */ = {isa = PBXBuildFile; fileRef = C12978A12BB05C4B00A72CDE /* ViewFactory.swift */; };
		C12978B22BB05C4B00A72CDE /* AppDelegate.swift in Sources */ = {isa = PBXBuildFile; fileRef = C12978A22BB05C4B00A72CDE /* AppDelegate.swift */; };
		C12978B32BB05C4B00A72CDE /* SplashViewModel.swift in Sources */ = {isa = PBXBuildFile; fileRef = C12978A72BB05C4B00A72CDE /* SplashViewModel.swift */; };
		C12978B42BB05C4B00A72CDE /* SpashViewController.swift in Sources */ = {isa = PBXBuildFile; fileRef = C12978A92BB05C4B00A72CDE /* SpashViewController.swift */; };
		C12978B52BB05C4B00A72CDE /* SplashView.swift in Sources */ = {isa = PBXBuildFile; fileRef = C12978AA2BB05C4B00A72CDE /* SplashView.swift */; };
		C12978B62BB05C4B00A72CDE /* SplashViewFactory.swift in Sources */ = {isa = PBXBuildFile; fileRef = C12978AB2BB05C4B00A72CDE /* SplashViewFactory.swift */; };
		C12978B72BB05C4B00A72CDE /* Entities.swift in Sources */ = {isa = PBXBuildFile; fileRef = C12978AD2BB05C4B00A72CDE /* Entities.swift */; };
		C12978B82BB05C4B00A72CDE /* MainCoordinator.swift in Sources */ = {isa = PBXBuildFile; fileRef = C12978AF2BB05C4B00A72CDE /* MainCoordinator.swift */; };
		C12978B92BB05C4B00A72CDE /* Coordinator.swift in Sources */ = {isa = PBXBuildFile; fileRef = C12978B02BB05C4B00A72CDE /* Coordinator.swift */; };
		C12978C02BB060E400A72CDE /* UIImage+Gif.swift in Sources */ = {isa = PBXBuildFile; fileRef = C12978BF2BB060E400A72CDE /* UIImage+Gif.swift */; };
		C12978C22BB060F700A72CDE /* UIImageView+Gif.swift in Sources */ = {isa = PBXBuildFile; fileRef = C12978C12BB060F700A72CDE /* UIImageView+Gif.swift */; };
		C12978C42BB0721700A72CDE /* loader.gif in Resources */ = {isa = PBXBuildFile; fileRef = C12978C32BB0721700A72CDE /* loader.gif */; };
		C1FDCD342BB01500000A5635 /* Main.storyboard in Resources */ = {isa = PBXBuildFile; fileRef = C1FDCD322BB01500000A5635 /* Main.storyboard */; };
		C1FDCD362BB01501000A5635 /* Assets.xcassets in Resources */ = {isa = PBXBuildFile; fileRef = C1FDCD352BB01501000A5635 /* Assets.xcassets */; };
		C1FDCD392BB01501000A5635 /* LaunchScreen.storyboard in Resources */ = {isa = PBXBuildFile; fileRef = C1FDCD372BB01501000A5635 /* LaunchScreen.storyboard */; };
		C1FDCD442BB01501000A5635 /* MarvelComicsTests.swift in Sources */ = {isa = PBXBuildFile; fileRef = C1FDCD432BB01501000A5635 /* MarvelComicsTests.swift */; };
		C1FDCD4E2BB01501000A5635 /* MarvelComicsUITests.swift in Sources */ = {isa = PBXBuildFile; fileRef = C1FDCD4D2BB01501000A5635 /* MarvelComicsUITests.swift */; };
		C1FDCD502BB01501000A5635 /* MarvelComicsUITestsLaunchTests.swift in Sources */ = {isa = PBXBuildFile; fileRef = C1FDCD4F2BB01501000A5635 /* MarvelComicsUITestsLaunchTests.swift */; };
/* End PBXBuildFile section */

/* Begin PBXContainerItemProxy section */
		C1FDCD402BB01501000A5635 /* PBXContainerItemProxy */ = {
			isa = PBXContainerItemProxy;
			containerPortal = C1FDCD212BB014FF000A5635 /* Project object */;
			proxyType = 1;
			remoteGlobalIDString = C1FDCD282BB01500000A5635;
			remoteInfo = MarvelComics;
		};
		C1FDCD4A2BB01501000A5635 /* PBXContainerItemProxy */ = {
			isa = PBXContainerItemProxy;
			containerPortal = C1FDCD212BB014FF000A5635 /* Project object */;
			proxyType = 1;
			remoteGlobalIDString = C1FDCD282BB01500000A5635;
			remoteInfo = MarvelComics;
		};
/* End PBXContainerItemProxy section */

/* Begin PBXFileReference section */
		C12978A12BB05C4B00A72CDE /* ViewFactory.swift */ = {isa = PBXFileReference; fileEncoding = 4; lastKnownFileType = sourcecode.swift; path = ViewFactory.swift; sourceTree = "<group>"; };
		C12978A22BB05C4B00A72CDE /* AppDelegate.swift */ = {isa = PBXFileReference; fileEncoding = 4; lastKnownFileType = sourcecode.swift; path = AppDelegate.swift; sourceTree = "<group>"; };
		C12978A72BB05C4B00A72CDE /* SplashViewModel.swift */ = {isa = PBXFileReference; fileEncoding = 4; lastKnownFileType = sourcecode.swift; path = SplashViewModel.swift; sourceTree = "<group>"; };
		C12978A92BB05C4B00A72CDE /* SpashViewController.swift */ = {isa = PBXFileReference; fileEncoding = 4; lastKnownFileType = sourcecode.swift; path = SpashViewController.swift; sourceTree = "<group>"; };
		C12978AA2BB05C4B00A72CDE /* SplashView.swift */ = {isa = PBXFileReference; fileEncoding = 4; lastKnownFileType = sourcecode.swift; path = SplashView.swift; sourceTree = "<group>"; };
		C12978AB2BB05C4B00A72CDE /* SplashViewFactory.swift */ = {isa = PBXFileReference; fileEncoding = 4; lastKnownFileType = sourcecode.swift; path = SplashViewFactory.swift; sourceTree = "<group>"; };
		C12978AD2BB05C4B00A72CDE /* Entities.swift */ = {isa = PBXFileReference; fileEncoding = 4; lastKnownFileType = sourcecode.swift; path = Entities.swift; sourceTree = "<group>"; };
		C12978AF2BB05C4B00A72CDE /* MainCoordinator.swift */ = {isa = PBXFileReference; fileEncoding = 4; lastKnownFileType = sourcecode.swift; path = MainCoordinator.swift; sourceTree = "<group>"; };
		C12978B02BB05C4B00A72CDE /* Coordinator.swift */ = {isa = PBXFileReference; fileEncoding = 4; lastKnownFileType = sourcecode.swift; path = Coordinator.swift; sourceTree = "<group>"; };
		C12978BF2BB060E400A72CDE /* UIImage+Gif.swift */ = {isa = PBXFileReference; lastKnownFileType = sourcecode.swift; path = "UIImage+Gif.swift"; sourceTree = "<group>"; };
		C12978C12BB060F700A72CDE /* UIImageView+Gif.swift */ = {isa = PBXFileReference; lastKnownFileType = sourcecode.swift; path = "UIImageView+Gif.swift"; sourceTree = "<group>"; };
		C12978C32BB0721700A72CDE /* loader.gif */ = {isa = PBXFileReference; lastKnownFileType = image.gif; path = loader.gif; sourceTree = "<group>"; };
		C1FDCD292BB01500000A5635 /* MarvelComics.app */ = {isa = PBXFileReference; explicitFileType = wrapper.application; includeInIndex = 0; path = MarvelComics.app; sourceTree = BUILT_PRODUCTS_DIR; };
		C1FDCD332BB01500000A5635 /* Base */ = {isa = PBXFileReference; lastKnownFileType = file.storyboard; name = Base; path = Base.lproj/Main.storyboard; sourceTree = "<group>"; };
		C1FDCD352BB01501000A5635 /* Assets.xcassets */ = {isa = PBXFileReference; lastKnownFileType = folder.assetcatalog; path = Assets.xcassets; sourceTree = "<group>"; };
		C1FDCD382BB01501000A5635 /* Base */ = {isa = PBXFileReference; lastKnownFileType = file.storyboard; name = Base; path = Base.lproj/LaunchScreen.storyboard; sourceTree = "<group>"; };
		C1FDCD3A2BB01501000A5635 /* Info.plist */ = {isa = PBXFileReference; lastKnownFileType = text.plist.xml; path = Info.plist; sourceTree = "<group>"; };
		C1FDCD3F2BB01501000A5635 /* MarvelComicsTests.xctest */ = {isa = PBXFileReference; explicitFileType = wrapper.cfbundle; includeInIndex = 0; path = MarvelComicsTests.xctest; sourceTree = BUILT_PRODUCTS_DIR; };
		C1FDCD432BB01501000A5635 /* MarvelComicsTests.swift */ = {isa = PBXFileReference; lastKnownFileType = sourcecode.swift; path = MarvelComicsTests.swift; sourceTree = "<group>"; };
		C1FDCD492BB01501000A5635 /* MarvelComicsUITests.xctest */ = {isa = PBXFileReference; explicitFileType = wrapper.cfbundle; includeInIndex = 0; path = MarvelComicsUITests.xctest; sourceTree = BUILT_PRODUCTS_DIR; };
		C1FDCD4D2BB01501000A5635 /* MarvelComicsUITests.swift */ = {isa = PBXFileReference; lastKnownFileType = sourcecode.swift; path = MarvelComicsUITests.swift; sourceTree = "<group>"; };
		C1FDCD4F2BB01501000A5635 /* MarvelComicsUITestsLaunchTests.swift */ = {isa = PBXFileReference; lastKnownFileType = sourcecode.swift; path = MarvelComicsUITestsLaunchTests.swift; sourceTree = "<group>"; };
/* End PBXFileReference section */

/* Begin PBXFrameworksBuildPhase section */
		C1FDCD262BB01500000A5635 /* Frameworks */ = {
			isa = PBXFrameworksBuildPhase;
			buildActionMask = 2147483647;
			files = (
			);
			runOnlyForDeploymentPostprocessing = 0;
		};
		C1FDCD3C2BB01501000A5635 /* Frameworks */ = {
			isa = PBXFrameworksBuildPhase;
			buildActionMask = 2147483647;
			files = (
			);
			runOnlyForDeploymentPostprocessing = 0;
		};
		C1FDCD462BB01501000A5635 /* Frameworks */ = {
			isa = PBXFrameworksBuildPhase;
			buildActionMask = 2147483647;
			files = (
			);
			runOnlyForDeploymentPostprocessing = 0;
		};
/* End PBXFrameworksBuildPhase section */

/* Begin PBXGroup section */
		C129789F2BB05C4B00A72CDE /* Sources */ = {
			isa = PBXGroup;
			children = (
				C12978A02BB05C4B00A72CDE /* Shared */,
				C12978A22BB05C4B00A72CDE /* AppDelegate.swift */,
				C12978A32BB05C4B00A72CDE /* Modules */,
			);
			path = Sources;
			sourceTree = "<group>";
		};
		C12978A02BB05C4B00A72CDE /* Shared */ = {
			isa = PBXGroup;
			children = (
				C12978BE2BB060D200A72CDE /* Extensions */,
				C12978A12BB05C4B00A72CDE /* ViewFactory.swift */,
			);
			path = Shared;
			sourceTree = "<group>";
		};
		C12978A32BB05C4B00A72CDE /* Modules */ = {
			isa = PBXGroup;
			children = (
				C12978A42BB05C4B00A72CDE /* Splash */,
				C12978AE2BB05C4B00A72CDE /* Coordinator */,
			);
			path = Modules;
			sourceTree = "<group>";
		};
		C12978A42BB05C4B00A72CDE /* Splash */ = {
			isa = PBXGroup;
			children = (
				C12978A52BB05C4B00A72CDE /* Presentation */,
				C12978AC2BB05C4B00A72CDE /* Entities */,
			);
			path = Splash;
			sourceTree = "<group>";
		};
		C12978A52BB05C4B00A72CDE /* Presentation */ = {
			isa = PBXGroup;
			children = (
				C12978A62BB05C4B00A72CDE /* ViewModel */,
				C12978A82BB05C4B00A72CDE /* View */,
			);
			path = Presentation;
			sourceTree = "<group>";
		};
		C12978A62BB05C4B00A72CDE /* ViewModel */ = {
			isa = PBXGroup;
			children = (
				C12978A72BB05C4B00A72CDE /* SplashViewModel.swift */,
			);
			path = ViewModel;
			sourceTree = "<group>";
		};
		C12978A82BB05C4B00A72CDE /* View */ = {
			isa = PBXGroup;
			children = (
				C12978A92BB05C4B00A72CDE /* SpashViewController.swift */,
				C12978AA2BB05C4B00A72CDE /* SplashView.swift */,
				C12978AB2BB05C4B00A72CDE /* SplashViewFactory.swift */,
			);
			path = View;
			sourceTree = "<group>";
		};
		C12978AC2BB05C4B00A72CDE /* Entities */ = {
			isa = PBXGroup;
			children = (
				C12978AD2BB05C4B00A72CDE /* Entities.swift */,
			);
			path = Entities;
			sourceTree = "<group>";
		};
		C12978AE2BB05C4B00A72CDE /* Coordinator */ = {
			isa = PBXGroup;
			children = (
				C12978AF2BB05C4B00A72CDE /* MainCoordinator.swift */,
				C12978B02BB05C4B00A72CDE /* Coordinator.swift */,
			);
			path = Coordinator;
			sourceTree = "<group>";
		};
		C12978BB2BB05CA100A72CDE /* Resources */ = {
			isa = PBXGroup;
			children = (
				C12978C32BB0721700A72CDE /* loader.gif */,
				C1FDCD322BB01500000A5635 /* Main.storyboard */,
				C1FDCD352BB01501000A5635 /* Assets.xcassets */,
				C1FDCD372BB01501000A5635 /* LaunchScreen.storyboard */,
			);
			path = Resources;
			sourceTree = "<group>";
		};
		C12978BE2BB060D200A72CDE /* Extensions */ = {
			isa = PBXGroup;
			children = (
				C12978BF2BB060E400A72CDE /* UIImage+Gif.swift */,
				C12978C12BB060F700A72CDE /* UIImageView+Gif.swift */,
			);
			path = Extensions;
			sourceTree = "<group>";
		};
		C1FDCD202BB014FF000A5635 = {
			isa = PBXGroup;
			children = (
				C1FDCD2B2BB01500000A5635 /* MarvelComics */,
				C1FDCD422BB01501000A5635 /* MarvelComicsTests */,
				C1FDCD4C2BB01501000A5635 /* MarvelComicsUITests */,
				C1FDCD2A2BB01500000A5635 /* Products */,
			);
			sourceTree = "<group>";
		};
		C1FDCD2A2BB01500000A5635 /* Products */ = {
			isa = PBXGroup;
			children = (
				C1FDCD292BB01500000A5635 /* MarvelComics.app */,
				C1FDCD3F2BB01501000A5635 /* MarvelComicsTests.xctest */,
				C1FDCD492BB01501000A5635 /* MarvelComicsUITests.xctest */,
			);
			name = Products;
			sourceTree = "<group>";
		};
		C1FDCD2B2BB01500000A5635 /* MarvelComics */ = {
			isa = PBXGroup;
			children = (
				C12978BB2BB05CA100A72CDE /* Resources */,
				C129789F2BB05C4B00A72CDE /* Sources */,
				C1FDCD3A2BB01501000A5635 /* Info.plist */,
			);
			path = MarvelComics;
			sourceTree = "<group>";
		};
		C1FDCD422BB01501000A5635 /* MarvelComicsTests */ = {
			isa = PBXGroup;
			children = (
				C1FDCD432BB01501000A5635 /* MarvelComicsTests.swift */,
			);
			path = MarvelComicsTests;
			sourceTree = "<group>";
		};
		C1FDCD4C2BB01501000A5635 /* MarvelComicsUITests */ = {
			isa = PBXGroup;
			children = (
				C1FDCD4D2BB01501000A5635 /* MarvelComicsUITests.swift */,
				C1FDCD4F2BB01501000A5635 /* MarvelComicsUITestsLaunchTests.swift */,
			);
			path = MarvelComicsUITests;
			sourceTree = "<group>";
		};
/* End PBXGroup section */

/* Begin PBXNativeTarget section */
		C1FDCD282BB01500000A5635 /* MarvelComics */ = {
			isa = PBXNativeTarget;
			buildConfigurationList = C1FDCD532BB01501000A5635 /* Build configuration list for PBXNativeTarget "MarvelComics" */;
			buildPhases = (
				C1FDCD252BB01500000A5635 /* Sources */,
				C1FDCD262BB01500000A5635 /* Frameworks */,
				C1FDCD272BB01500000A5635 /* Resources */,
			);
			buildRules = (
			);
			dependencies = (
			);
			name = MarvelComics;
			productName = MarvelComics;
			productReference = C1FDCD292BB01500000A5635 /* MarvelComics.app */;
			productType = "com.apple.product-type.application";
		};
		C1FDCD3E2BB01501000A5635 /* MarvelComicsTests */ = {
			isa = PBXNativeTarget;
			buildConfigurationList = C1FDCD562BB01501000A5635 /* Build configuration list for PBXNativeTarget "MarvelComicsTests" */;
			buildPhases = (
				C1FDCD3B2BB01501000A5635 /* Sources */,
				C1FDCD3C2BB01501000A5635 /* Frameworks */,
				C1FDCD3D2BB01501000A5635 /* Resources */,
			);
			buildRules = (
			);
			dependencies = (
				C1FDCD412BB01501000A5635 /* PBXTargetDependency */,
			);
			name = MarvelComicsTests;
			productName = MarvelComicsTests;
			productReference = C1FDCD3F2BB01501000A5635 /* MarvelComicsTests.xctest */;
			productType = "com.apple.product-type.bundle.unit-test";
		};
		C1FDCD482BB01501000A5635 /* MarvelComicsUITests */ = {
			isa = PBXNativeTarget;
			buildConfigurationList = C1FDCD592BB01501000A5635 /* Build configuration list for PBXNativeTarget "MarvelComicsUITests" */;
			buildPhases = (
				C1FDCD452BB01501000A5635 /* Sources */,
				C1FDCD462BB01501000A5635 /* Frameworks */,
				C1FDCD472BB01501000A5635 /* Resources */,
			);
			buildRules = (
			);
			dependencies = (
				C1FDCD4B2BB01501000A5635 /* PBXTargetDependency */,
			);
			name = MarvelComicsUITests;
			productName = MarvelComicsUITests;
			productReference = C1FDCD492BB01501000A5635 /* MarvelComicsUITests.xctest */;
			productType = "com.apple.product-type.bundle.ui-testing";
		};
/* End PBXNativeTarget section */

/* Begin PBXProject section */
		C1FDCD212BB014FF000A5635 /* Project object */ = {
			isa = PBXProject;
			attributes = {
				BuildIndependentTargetsInParallel = 1;
				LastSwiftUpdateCheck = 1510;
				LastUpgradeCheck = 1510;
				TargetAttributes = {
					C1FDCD282BB01500000A5635 = {
						CreatedOnToolsVersion = 15.1;
					};
					C1FDCD3E2BB01501000A5635 = {
						CreatedOnToolsVersion = 15.1;
						TestTargetID = C1FDCD282BB01500000A5635;
					};
					C1FDCD482BB01501000A5635 = {
						CreatedOnToolsVersion = 15.1;
						TestTargetID = C1FDCD282BB01500000A5635;
					};
				};
			};
			buildConfigurationList = C1FDCD242BB014FF000A5635 /* Build configuration list for PBXProject "MarvelComics" */;
			compatibilityVersion = "Xcode 14.0";
			developmentRegion = en;
			hasScannedForEncodings = 0;
			knownRegions = (
				en,
				Base,
			);
			mainGroup = C1FDCD202BB014FF000A5635;
			productRefGroup = C1FDCD2A2BB01500000A5635 /* Products */;
			projectDirPath = "";
			projectRoot = "";
			targets = (
				C1FDCD282BB01500000A5635 /* MarvelComics */,
				C1FDCD3E2BB01501000A5635 /* MarvelComicsTests */,
				C1FDCD482BB01501000A5635 /* MarvelComicsUITests */,
			);
		};
/* End PBXProject section */

/* Begin PBXResourcesBuildPhase section */
		C1FDCD272BB01500000A5635 /* Resources */ = {
			isa = PBXResourcesBuildPhase;
			buildActionMask = 2147483647;
			files = (
				C1FDCD392BB01501000A5635 /* LaunchScreen.storyboard in Resources */,
				C12978C42BB0721700A72CDE /* loader.gif in Resources */,
				C1FDCD362BB01501000A5635 /* Assets.xcassets in Resources */,
				C1FDCD342BB01500000A5635 /* Main.storyboard in Resources */,
			);
			runOnlyForDeploymentPostprocessing = 0;
		};
		C1FDCD3D2BB01501000A5635 /* Resources */ = {
			isa = PBXResourcesBuildPhase;
			buildActionMask = 2147483647;
			files = (
			);
			runOnlyForDeploymentPostprocessing = 0;
		};
		C1FDCD472BB01501000A5635 /* Resources */ = {
			isa = PBXResourcesBuildPhase;
			buildActionMask = 2147483647;
			files = (
			);
			runOnlyForDeploymentPostprocessing = 0;
		};
/* End PBXResourcesBuildPhase section */

/* Begin PBXSourcesBuildPhase section */
		C1FDCD252BB01500000A5635 /* Sources */ = {
			isa = PBXSourcesBuildPhase;
			buildActionMask = 2147483647;
			files = (
				C12978B62BB05C4B00A72CDE /* SplashViewFactory.swift in Sources */,
				C12978B42BB05C4B00A72CDE /* SpashViewController.swift in Sources */,
				C12978B32BB05C4B00A72CDE /* SplashViewModel.swift in Sources */,
				C12978B82BB05C4B00A72CDE /* MainCoordinator.swift in Sources */,
				C12978B22BB05C4B00A72CDE /* AppDelegate.swift in Sources */,
				C12978B92BB05C4B00A72CDE /* Coordinator.swift in Sources */,
				C12978B12BB05C4B00A72CDE /* ViewFactory.swift in Sources */,
				C12978C22BB060F700A72CDE /* UIImageView+Gif.swift in Sources */,
				C12978B72BB05C4B00A72CDE /* Entities.swift in Sources */,
				C12978C02BB060E400A72CDE /* UIImage+Gif.swift in Sources */,
				C12978B52BB05C4B00A72CDE /* SplashView.swift in Sources */,
			);
			runOnlyForDeploymentPostprocessing = 0;
		};
		C1FDCD3B2BB01501000A5635 /* Sources */ = {
			isa = PBXSourcesBuildPhase;
			buildActionMask = 2147483647;
			files = (
				C1FDCD442BB01501000A5635 /* MarvelComicsTests.swift in Sources */,
			);
			runOnlyForDeploymentPostprocessing = 0;
		};
		C1FDCD452BB01501000A5635 /* Sources */ = {
			isa = PBXSourcesBuildPhase;
			buildActionMask = 2147483647;
			files = (
				C1FDCD4E2BB01501000A5635 /* MarvelComicsUITests.swift in Sources */,
				C1FDCD502BB01501000A5635 /* MarvelComicsUITestsLaunchTests.swift in Sources */,
			);
			runOnlyForDeploymentPostprocessing = 0;
		};
/* End PBXSourcesBuildPhase section */

/* Begin PBXTargetDependency section */
		C1FDCD412BB01501000A5635 /* PBXTargetDependency */ = {
			isa = PBXTargetDependency;
			target = C1FDCD282BB01500000A5635 /* MarvelComics */;
			targetProxy = C1FDCD402BB01501000A5635 /* PBXContainerItemProxy */;
		};
		C1FDCD4B2BB01501000A5635 /* PBXTargetDependency */ = {
			isa = PBXTargetDependency;
			target = C1FDCD282BB01500000A5635 /* MarvelComics */;
			targetProxy = C1FDCD4A2BB01501000A5635 /* PBXContainerItemProxy */;
		};
/* End PBXTargetDependency section */

/* Begin PBXVariantGroup section */
		C1FDCD322BB01500000A5635 /* Main.storyboard */ = {
			isa = PBXVariantGroup;
			children = (
				C1FDCD332BB01500000A5635 /* Base */,
			);
			name = Main.storyboard;
			sourceTree = "<group>";
		};
		C1FDCD372BB01501000A5635 /* LaunchScreen.storyboard */ = {
			isa = PBXVariantGroup;
			children = (
				C1FDCD382BB01501000A5635 /* Base */,
			);
			name = LaunchScreen.storyboard;
			sourceTree = "<group>";
		};
/* End PBXVariantGroup section */

/* Begin XCBuildConfiguration section */
		C1FDCD512BB01501000A5635 /* Debug */ = {
			isa = XCBuildConfiguration;
			buildSettings = {
				ALWAYS_SEARCH_USER_PATHS = NO;
				ASSETCATALOG_COMPILER_GENERATE_SWIFT_ASSET_SYMBOL_EXTENSIONS = YES;
				CLANG_ANALYZER_NONNULL = YES;
				CLANG_ANALYZER_NUMBER_OBJECT_CONVERSION = YES_AGGRESSIVE;
				CLANG_CXX_LANGUAGE_STANDARD = "gnu++20";
				CLANG_ENABLE_MODULES = YES;
				CLANG_ENABLE_OBJC_ARC = YES;
				CLANG_ENABLE_OBJC_WEAK = YES;
				CLANG_WARN_BLOCK_CAPTURE_AUTORELEASING = YES;
				CLANG_WARN_BOOL_CONVERSION = YES;
				CLANG_WARN_COMMA = YES;
				CLANG_WARN_CONSTANT_CONVERSION = YES;
				CLANG_WARN_DEPRECATED_OBJC_IMPLEMENTATIONS = YES;
				CLANG_WARN_DIRECT_OBJC_ISA_USAGE = YES_ERROR;
				CLANG_WARN_DOCUMENTATION_COMMENTS = YES;
				CLANG_WARN_EMPTY_BODY = YES;
				CLANG_WARN_ENUM_CONVERSION = YES;
				CLANG_WARN_INFINITE_RECURSION = YES;
				CLANG_WARN_INT_CONVERSION = YES;
				CLANG_WARN_NON_LITERAL_NULL_CONVERSION = YES;
				CLANG_WARN_OBJC_IMPLICIT_RETAIN_SELF = YES;
				CLANG_WARN_OBJC_LITERAL_CONVERSION = YES;
				CLANG_WARN_OBJC_ROOT_CLASS = YES_ERROR;
				CLANG_WARN_QUOTED_INCLUDE_IN_FRAMEWORK_HEADER = YES;
				CLANG_WARN_RANGE_LOOP_ANALYSIS = YES;
				CLANG_WARN_STRICT_PROTOTYPES = YES;
				CLANG_WARN_SUSPICIOUS_MOVE = YES;
				CLANG_WARN_UNGUARDED_AVAILABILITY = YES_AGGRESSIVE;
				CLANG_WARN_UNREACHABLE_CODE = YES;
				CLANG_WARN__DUPLICATE_METHOD_MATCH = YES;
				COPY_PHASE_STRIP = NO;
				DEBUG_INFORMATION_FORMAT = dwarf;
				ENABLE_STRICT_OBJC_MSGSEND = YES;
				ENABLE_TESTABILITY = YES;
				ENABLE_USER_SCRIPT_SANDBOXING = YES;
				GCC_C_LANGUAGE_STANDARD = gnu17;
				GCC_DYNAMIC_NO_PIC = NO;
				GCC_NO_COMMON_BLOCKS = YES;
				GCC_OPTIMIZATION_LEVEL = 0;
				GCC_PREPROCESSOR_DEFINITIONS = (
					"DEBUG=1",
					"$(inherited)",
				);
				GCC_WARN_64_TO_32_BIT_CONVERSION = YES;
				GCC_WARN_ABOUT_RETURN_TYPE = YES_ERROR;
				GCC_WARN_UNDECLARED_SELECTOR = YES;
				GCC_WARN_UNINITIALIZED_AUTOS = YES_AGGRESSIVE;
				GCC_WARN_UNUSED_FUNCTION = YES;
				GCC_WARN_UNUSED_VARIABLE = YES;
				IPHONEOS_DEPLOYMENT_TARGET = 17.2;
				LOCALIZATION_PREFERS_STRING_CATALOGS = YES;
				MTL_ENABLE_DEBUG_INFO = INCLUDE_SOURCE;
				MTL_FAST_MATH = YES;
				ONLY_ACTIVE_ARCH = YES;
				SDKROOT = iphoneos;
				SWIFT_ACTIVE_COMPILATION_CONDITIONS = "DEBUG $(inherited)";
				SWIFT_OPTIMIZATION_LEVEL = "-Onone";
			};
			name = Debug;
		};
		C1FDCD522BB01501000A5635 /* Release */ = {
			isa = XCBuildConfiguration;
			buildSettings = {
				ALWAYS_SEARCH_USER_PATHS = NO;
				ASSETCATALOG_COMPILER_GENERATE_SWIFT_ASSET_SYMBOL_EXTENSIONS = YES;
				CLANG_ANALYZER_NONNULL = YES;
				CLANG_ANALYZER_NUMBER_OBJECT_CONVERSION = YES_AGGRESSIVE;
				CLANG_CXX_LANGUAGE_STANDARD = "gnu++20";
				CLANG_ENABLE_MODULES = YES;
				CLANG_ENABLE_OBJC_ARC = YES;
				CLANG_ENABLE_OBJC_WEAK = YES;
				CLANG_WARN_BLOCK_CAPTURE_AUTORELEASING = YES;
				CLANG_WARN_BOOL_CONVERSION = YES;
				CLANG_WARN_COMMA = YES;
				CLANG_WARN_CONSTANT_CONVERSION = YES;
				CLANG_WARN_DEPRECATED_OBJC_IMPLEMENTATIONS = YES;
				CLANG_WARN_DIRECT_OBJC_ISA_USAGE = YES_ERROR;
				CLANG_WARN_DOCUMENTATION_COMMENTS = YES;
				CLANG_WARN_EMPTY_BODY = YES;
				CLANG_WARN_ENUM_CONVERSION = YES;
				CLANG_WARN_INFINITE_RECURSION = YES;
				CLANG_WARN_INT_CONVERSION = YES;
				CLANG_WARN_NON_LITERAL_NULL_CONVERSION = YES;
				CLANG_WARN_OBJC_IMPLICIT_RETAIN_SELF = YES;
				CLANG_WARN_OBJC_LITERAL_CONVERSION = YES;
				CLANG_WARN_OBJC_ROOT_CLASS = YES_ERROR;
				CLANG_WARN_QUOTED_INCLUDE_IN_FRAMEWORK_HEADER = YES;
				CLANG_WARN_RANGE_LOOP_ANALYSIS = YES;
				CLANG_WARN_STRICT_PROTOTYPES = YES;
				CLANG_WARN_SUSPICIOUS_MOVE = YES;
				CLANG_WARN_UNGUARDED_AVAILABILITY = YES_AGGRESSIVE;
				CLANG_WARN_UNREACHABLE_CODE = YES;
				CLANG_WARN__DUPLICATE_METHOD_MATCH = YES;
				COPY_PHASE_STRIP = NO;
				DEBUG_INFORMATION_FORMAT = "dwarf-with-dsym";
				ENABLE_NS_ASSERTIONS = NO;
				ENABLE_STRICT_OBJC_MSGSEND = YES;
				ENABLE_USER_SCRIPT_SANDBOXING = YES;
				GCC_C_LANGUAGE_STANDARD = gnu17;
				GCC_NO_COMMON_BLOCKS = YES;
				GCC_WARN_64_TO_32_BIT_CONVERSION = YES;
				GCC_WARN_ABOUT_RETURN_TYPE = YES_ERROR;
				GCC_WARN_UNDECLARED_SELECTOR = YES;
				GCC_WARN_UNINITIALIZED_AUTOS = YES_AGGRESSIVE;
				GCC_WARN_UNUSED_FUNCTION = YES;
				GCC_WARN_UNUSED_VARIABLE = YES;
				IPHONEOS_DEPLOYMENT_TARGET = 17.2;
				LOCALIZATION_PREFERS_STRING_CATALOGS = YES;
				MTL_ENABLE_DEBUG_INFO = NO;
				MTL_FAST_MATH = YES;
				SDKROOT = iphoneos;
				SWIFT_COMPILATION_MODE = wholemodule;
				VALIDATE_PRODUCT = YES;
			};
			name = Release;
		};
		C1FDCD542BB01501000A5635 /* Debug */ = {
			isa = XCBuildConfiguration;
			buildSettings = {
				ASSETCATALOG_COMPILER_APPICON_NAME = AppIcon;
				ASSETCATALOG_COMPILER_GLOBAL_ACCENT_COLOR_NAME = AccentColor;
				ASSETCATALOG_COMPILER_INCLUDE_ALL_APPICON_ASSETS = NO;
				CODE_SIGN_STYLE = Automatic;
				CURRENT_PROJECT_VERSION = 1;
				GENERATE_INFOPLIST_FILE = YES;
				INFOPLIST_FILE = MarvelComics/Info.plist;
				INFOPLIST_KEY_UIApplicationSupportsIndirectInputEvents = YES;
				INFOPLIST_KEY_UILaunchStoryboardName = LaunchScreen;
				INFOPLIST_KEY_UIMainStoryboardFile = Main;
				INFOPLIST_KEY_UISupportedInterfaceOrientations_iPad = "UIInterfaceOrientationPortrait UIInterfaceOrientationPortraitUpsideDown UIInterfaceOrientationLandscapeLeft UIInterfaceOrientationLandscapeRight";
				INFOPLIST_KEY_UISupportedInterfaceOrientations_iPhone = "UIInterfaceOrientationPortrait UIInterfaceOrientationLandscapeLeft UIInterfaceOrientationLandscapeRight";
				LD_RUNPATH_SEARCH_PATHS = (
					"$(inherited)",
					"@executable_path/Frameworks",
				);
				MARKETING_VERSION = 1.0;
				PRODUCT_BUNDLE_IDENTIFIER = gdossantos.MarvelComics;
				PRODUCT_NAME = "$(TARGET_NAME)";
				SWIFT_EMIT_LOC_STRINGS = YES;
				SWIFT_VERSION = 5.0;
				TARGETED_DEVICE_FAMILY = "1,2";
			};
			name = Debug;
		};
		C1FDCD552BB01501000A5635 /* Release */ = {
			isa = XCBuildConfiguration;
			buildSettings = {
				ASSETCATALOG_COMPILER_APPICON_NAME = AppIcon;
				ASSETCATALOG_COMPILER_GLOBAL_ACCENT_COLOR_NAME = AccentColor;
				ASSETCATALOG_COMPILER_INCLUDE_ALL_APPICON_ASSETS = NO;
				CODE_SIGN_STYLE = Automatic;
				CURRENT_PROJECT_VERSION = 1;
				GENERATE_INFOPLIST_FILE = YES;
				INFOPLIST_FILE = MarvelComics/Info.plist;
				INFOPLIST_KEY_UIApplicationSupportsIndirectInputEvents = YES;
				INFOPLIST_KEY_UILaunchStoryboardName = LaunchScreen;
				INFOPLIST_KEY_UIMainStoryboardFile = Main;
				INFOPLIST_KEY_UISupportedInterfaceOrientations_iPad = "UIInterfaceOrientationPortrait UIInterfaceOrientationPortraitUpsideDown UIInterfaceOrientationLandscapeLeft UIInterfaceOrientationLandscapeRight";
				INFOPLIST_KEY_UISupportedInterfaceOrientations_iPhone = "UIInterfaceOrientationPortrait UIInterfaceOrientationLandscapeLeft UIInterfaceOrientationLandscapeRight";
				LD_RUNPATH_SEARCH_PATHS = (
					"$(inherited)",
					"@executable_path/Frameworks",
				);
				MARKETING_VERSION = 1.0;
				PRODUCT_BUNDLE_IDENTIFIER = gdossantos.MarvelComics;
				PRODUCT_NAME = "$(TARGET_NAME)";
				SWIFT_EMIT_LOC_STRINGS = YES;
				SWIFT_VERSION = 5.0;
				TARGETED_DEVICE_FAMILY = "1,2";
			};
			name = Release;
		};
		C1FDCD572BB01501000A5635 /* Debug */ = {
			isa = XCBuildConfiguration;
			buildSettings = {
				ALWAYS_EMBED_SWIFT_STANDARD_LIBRARIES = YES;
				BUNDLE_LOADER = "$(TEST_HOST)";
				CODE_SIGN_STYLE = Automatic;
				CURRENT_PROJECT_VERSION = 1;
				GENERATE_INFOPLIST_FILE = YES;
				IPHONEOS_DEPLOYMENT_TARGET = 17.2;
				MARKETING_VERSION = 1.0;
				PRODUCT_BUNDLE_IDENTIFIER = gdossantos.MarvelComicsTests;
				PRODUCT_NAME = "$(TARGET_NAME)";
				SWIFT_EMIT_LOC_STRINGS = NO;
				SWIFT_VERSION = 5.0;
				TARGETED_DEVICE_FAMILY = "1,2";
				TEST_HOST = "$(BUILT_PRODUCTS_DIR)/MarvelComics.app/$(BUNDLE_EXECUTABLE_FOLDER_PATH)/MarvelComics";
			};
			name = Debug;
		};
		C1FDCD582BB01501000A5635 /* Release */ = {
			isa = XCBuildConfiguration;
			buildSettings = {
				ALWAYS_EMBED_SWIFT_STANDARD_LIBRARIES = YES;
				BUNDLE_LOADER = "$(TEST_HOST)";
				CODE_SIGN_STYLE = Automatic;
				CURRENT_PROJECT_VERSION = 1;
				GENERATE_INFOPLIST_FILE = YES;
				IPHONEOS_DEPLOYMENT_TARGET = 17.2;
				MARKETING_VERSION = 1.0;
				PRODUCT_BUNDLE_IDENTIFIER = gdossantos.MarvelComicsTests;
				PRODUCT_NAME = "$(TARGET_NAME)";
				SWIFT_EMIT_LOC_STRINGS = NO;
				SWIFT_VERSION = 5.0;
				TARGETED_DEVICE_FAMILY = "1,2";
				TEST_HOST = "$(BUILT_PRODUCTS_DIR)/MarvelComics.app/$(BUNDLE_EXECUTABLE_FOLDER_PATH)/MarvelComics";
			};
			name = Release;
		};
		C1FDCD5A2BB01501000A5635 /* Debug */ = {
			isa = XCBuildConfiguration;
			buildSettings = {
				ALWAYS_EMBED_SWIFT_STANDARD_LIBRARIES = YES;
				CODE_SIGN_STYLE = Automatic;
				CURRENT_PROJECT_VERSION = 1;
				GENERATE_INFOPLIST_FILE = YES;
				MARKETING_VERSION = 1.0;
				PRODUCT_BUNDLE_IDENTIFIER = gdossantos.MarvelComicsUITests;
				PRODUCT_NAME = "$(TARGET_NAME)";
				SWIFT_EMIT_LOC_STRINGS = NO;
				SWIFT_VERSION = 5.0;
				TARGETED_DEVICE_FAMILY = "1,2";
				TEST_TARGET_NAME = MarvelComics;
			};
			name = Debug;
		};
		C1FDCD5B2BB01501000A5635 /* Release */ = {
			isa = XCBuildConfiguration;
			buildSettings = {
				ALWAYS_EMBED_SWIFT_STANDARD_LIBRARIES = YES;
				CODE_SIGN_STYLE = Automatic;
				CURRENT_PROJECT_VERSION = 1;
				GENERATE_INFOPLIST_FILE = YES;
				MARKETING_VERSION = 1.0;
				PRODUCT_BUNDLE_IDENTIFIER = gdossantos.MarvelComicsUITests;
				PRODUCT_NAME = "$(TARGET_NAME)";
				SWIFT_EMIT_LOC_STRINGS = NO;
				SWIFT_VERSION = 5.0;
				TARGETED_DEVICE_FAMILY = "1,2";
				TEST_TARGET_NAME = MarvelComics;
			};
			name = Release;
		};
/* End XCBuildConfiguration section */

/* Begin XCConfigurationList section */
		C1FDCD242BB014FF000A5635 /* Build configuration list for PBXProject "MarvelComics" */ = {
			isa = XCConfigurationList;
			buildConfigurations = (
				C1FDCD512BB01501000A5635 /* Debug */,
				C1FDCD522BB01501000A5635 /* Release */,
			);
			defaultConfigurationIsVisible = 0;
			defaultConfigurationName = Release;
		};
		C1FDCD532BB01501000A5635 /* Build configuration list for PBXNativeTarget "MarvelComics" */ = {
			isa = XCConfigurationList;
			buildConfigurations = (
				C1FDCD542BB01501000A5635 /* Debug */,
				C1FDCD552BB01501000A5635 /* Release */,
			);
			defaultConfigurationIsVisible = 0;
			defaultConfigurationName = Release;
		};
		C1FDCD562BB01501000A5635 /* Build configuration list for PBXNativeTarget "MarvelComicsTests" */ = {
			isa = XCConfigurationList;
			buildConfigurations = (
				C1FDCD572BB01501000A5635 /* Debug */,
				C1FDCD582BB01501000A5635 /* Release */,
			);
			defaultConfigurationIsVisible = 0;
			defaultConfigurationName = Release;
		};
		C1FDCD592BB01501000A5635 /* Build configuration list for PBXNativeTarget "MarvelComicsUITests" */ = {
			isa = XCConfigurationList;
			buildConfigurations = (
				C1FDCD5A2BB01501000A5635 /* Debug */,
				C1FDCD5B2BB01501000A5635 /* Release */,
			);
			defaultConfigurationIsVisible = 0;
			defaultConfigurationName = Release;
		};
/* End XCConfigurationList section */
	};
	rootObject = C1FDCD212BB014FF000A5635 /* Project object */;
}
